// !$*UTF8*$!
{
	archiveVersion = 1;
	classes = {
	};
	objectVersion = 45;
	objects = {

/* Begin PBXBuildFile section */
		1D1158CE13444D29009B366F /* iTerm2 Help in Resources */ = {isa = PBXBuildFile; fileRef = 1D1158C913444D29009B366F /* iTerm2 Help */; };
		1D13EADC12113A2D00909F9C /* libncurses.dylib in Frameworks */ = {isa = PBXBuildFile; fileRef = 1D13EADB12113A2D00909F9C /* libncurses.dylib */; };
		1D5FDDA01208E91100C46BA3 /* PreferencePanel.xib in Resources */ = {isa = PBXBuildFile; fileRef = 9325FF400FB54DF1004EC67C /* PreferencePanel.xib */; };
		1D6C18BE12951A3C00937A4A /* Carbon.framework in Frameworks */ = {isa = PBXBuildFile; fileRef = 1DEB293D1288899A00B2CB9F /* Carbon.framework */; };
		1D94EAC812D641D3008225A9 /* AddressBook.framework in Frameworks */ = {isa = PBXBuildFile; fileRef = 1D94EAC712D641D3008225A9 /* AddressBook.framework */; };
		1DEE9FDD11FCA60F009E18C9 /* credits.rtf in Resources */ = {isa = PBXBuildFile; fileRef = 1DEE9FDB11FCA60F009E18C9 /* credits.rtf */; };
		2C16E34713A72140002F1F58 /* PreferenceKeys.h in Headers */ = {isa = PBXBuildFile; fileRef = 2C16E34613A72140002F1F58 /* PreferenceKeys.h */; };
		2C16E42913A74430002F1F58 /* ProfileManager.h in Headers */ = {isa = PBXBuildFile; fileRef = 2C16E42813A74430002F1F58 /* ProfileManager.h */; };
		2C16E42B13A74435002F1F58 /* ProfileModel.h in Headers */ = {isa = PBXBuildFile; fileRef = 2C16E42A13A74435002F1F58 /* ProfileModel.h */; };
		2C16E42F13A7443D002F1F58 /* ProfileModel.m in Sources */ = {isa = PBXBuildFile; fileRef = 2C16E42D13A7443D002F1F58 /* ProfileModel.m */; };
		2C16E53113A75732002F1F58 /* GTMCarbonEvent.h in Headers */ = {isa = PBXBuildFile; fileRef = 2C16E52C13A75732002F1F58 /* GTMCarbonEvent.h */; };
		2C16E53213A75732002F1F58 /* GTMDebugSelectorValidation.h in Headers */ = {isa = PBXBuildFile; fileRef = 2C16E52D13A75732002F1F58 /* GTMDebugSelectorValidation.h */; };
		2C16E53313A75732002F1F58 /* GTMDefines.h in Headers */ = {isa = PBXBuildFile; fileRef = 2C16E52E13A75732002F1F58 /* GTMDefines.h */; };
		2C16E53413A75732002F1F58 /* GTMObjectSingleton.h in Headers */ = {isa = PBXBuildFile; fileRef = 2C16E52F13A75732002F1F58 /* GTMObjectSingleton.h */; };
		2C16E53513A75732002F1F58 /* GTMTypeCasting.h in Headers */ = {isa = PBXBuildFile; fileRef = 2C16E53013A75732002F1F58 /* GTMTypeCasting.h */; };
		2C16E53713A7573A002F1F58 /* GTMCarbonEvent.m in Sources */ = {isa = PBXBuildFile; fileRef = 2C16E53613A7573A002F1F58 /* GTMCarbonEvent.m */; };
		2C1C0829139DB34C00E1DA75 /* PreferencesProfilesHelper.h in Headers */ = {isa = PBXBuildFile; fileRef = 2C1C0828139DB34C00E1DA75 /* PreferencesProfilesHelper.h */; };
		2C1C082B139DB35700E1DA75 /* PreferencesProfilesHelper.m in Sources */ = {isa = PBXBuildFile; fileRef = 2C1C082A139DB35700E1DA75 /* PreferencesProfilesHelper.m */; };
		2C1C0F01139FD16600E1DA75 /* GTM in Resources */ = {isa = PBXBuildFile; fileRef = 2C1C0F00139FD16600E1DA75 /* GTM */; };
		2C1C0F13139FD30000E1DA75 /* Search in Resources */ = {isa = PBXBuildFile; fileRef = 2C1C0F12139FD30000E1DA75 /* Search */; };
		2C1C0F18139FD32500E1DA75 /* iTermSearchField.m in Sources */ = {isa = PBXBuildFile; fileRef = 2C1C0F17139FD32500E1DA75 /* iTermSearchField.m */; };
		2C1C0F1A139FD32D00E1DA75 /* iTermSearchField.h in Headers */ = {isa = PBXBuildFile; fileRef = 2C1C0F19139FD32D00E1DA75 /* iTermSearchField.h */; };
		2C27615E1395D3ED00D340AA /* iTermApplication.m in Sources */ = {isa = PBXBuildFile; fileRef = 2C2761581395D3ED00D340AA /* iTermApplication.m */; };
		2C27615F1395D3ED00D340AA /* iTermApplicationDelegate.m in Sources */ = {isa = PBXBuildFile; fileRef = 2C2761591395D3ED00D340AA /* iTermApplicationDelegate.m */; };
		2C2761601395D3ED00D340AA /* iTermController.m in Sources */ = {isa = PBXBuildFile; fileRef = 2C27615A1395D3ED00D340AA /* iTermController.m */; };
		2C2761621395D3ED00D340AA /* KeyBindingManager.m in Sources */ = {isa = PBXBuildFile; fileRef = 2C27615C1395D3ED00D340AA /* KeyBindingManager.m */; };
		2C27618A1395D57A00D340AA /* ProfilesListView.m in Sources */ = {isa = PBXBuildFile; fileRef = 2C2761841395D57A00D340AA /* ProfilesListView.m */; };
		2C27618D1395D57A00D340AA /* ProfilesWindow.m in Sources */ = {isa = PBXBuildFile; fileRef = 2C2761871395D57A00D340AA /* ProfilesWindow.m */; };
		2C27618E1395D57A00D340AA /* ProfileManager.m in Sources */ = {isa = PBXBuildFile; fileRef = 2C2761881395D57A00D340AA /* ProfileManager.m */; };
		2C29CDB413B42DA90091AC7E /* PreferencesMigrator.m in Sources */ = {isa = PBXBuildFile; fileRef = 2C29CDB313B42DA90091AC7E /* PreferencesMigrator.m */; };
		2C29CDB613B42DB30091AC7E /* PreferencesMigrator.h in Headers */ = {isa = PBXBuildFile; fileRef = 2C29CDB513B42DB30091AC7E /* PreferencesMigrator.h */; };
		2C29CE8A13B48BD80091AC7E /* Misc in Resources */ = {isa = PBXBuildFile; fileRef = 2C29CE7D13B48BD80091AC7E /* Misc */; };
		2C29CE8C13B48C210091AC7E /* StringIntValueTransformer.m in Sources */ = {isa = PBXBuildFile; fileRef = 2C29CE8B13B48C210091AC7E /* StringIntValueTransformer.m */; };
		2C29CE8E13B48C2D0091AC7E /* StringIntValueTransformer.h in Headers */ = {isa = PBXBuildFile; fileRef = 2C29CE8D13B48C2D0091AC7E /* StringIntValueTransformer.h */; };
		2C29CF3013B491D40091AC7E /* PreferencesSchema.m in Sources */ = {isa = PBXBuildFile; fileRef = 2C29CF2F13B491D40091AC7E /* PreferencesSchema.m */; };
		2C29CF3213B491DA0091AC7E /* PreferencesSchema.h in Headers */ = {isa = PBXBuildFile; fileRef = 2C29CF3113B491DA0091AC7E /* PreferencesSchema.h */; };
		2C29D03413B4ECF20091AC7E /* RegexKitLite in Resources */ = {isa = PBXBuildFile; fileRef = 2C29D02D13B4ECF20091AC7E /* RegexKitLite */; };
		2C29D03613B4ECFF0091AC7E /* RegexKitLite.m in Sources */ = {isa = PBXBuildFile; fileRef = 2C29D03513B4ECFF0091AC7E /* RegexKitLite.m */; };
		2C29D03813B4ED050091AC7E /* RegexKitLite.h in Headers */ = {isa = PBXBuildFile; fileRef = 2C29D03713B4ED050091AC7E /* RegexKitLite.h */; };
		2C29D1A313B53E1C0091AC7E /* EventTapManager.h in Headers */ = {isa = PBXBuildFile; fileRef = 2C29D1A213B53E1C0091AC7E /* EventTapManager.h */; };
		2C29D1A513B53E220091AC7E /* EventTapManager.m in Sources */ = {isa = PBXBuildFile; fileRef = 2C29D1A413B53E220091AC7E /* EventTapManager.m */; };
		2C7EE22C13960462000305E6 /* iTermApplication.h in Headers */ = {isa = PBXBuildFile; fileRef = 2C7EE1FD13960462000305E6 /* iTermApplication.h */; };
		2C7EE22D13960462000305E6 /* iTermApplicationDelegate.h in Headers */ = {isa = PBXBuildFile; fileRef = 2C7EE1FE13960462000305E6 /* iTermApplicationDelegate.h */; };
		2C7EE22E13960462000305E6 /* iTermController.h in Headers */ = {isa = PBXBuildFile; fileRef = 2C7EE1FF13960462000305E6 /* iTermController.h */; };
		2C7EE23013960462000305E6 /* KeyBindingManager.h in Headers */ = {isa = PBXBuildFile; fileRef = 2C7EE20113960462000305E6 /* KeyBindingManager.h */; };
		2C7EE23B13960462000305E6 /* ProfilesListView.h in Headers */ = {isa = PBXBuildFile; fileRef = 2C7EE20C13960462000305E6 /* ProfilesListView.h */; };
		2C7EE23D13960462000305E6 /* ProfilesWindow.h in Headers */ = {isa = PBXBuildFile; fileRef = 2C7EE20E13960462000305E6 /* ProfilesWindow.h */; };
		2C7EE32A13960BFA000305E6 /* main.m in Sources */ = {isa = PBXBuildFile; fileRef = 2C7EE32913960BFA000305E6 /* main.m */; };
		2C7EE32C13960C0C000305E6 /* iTerm.h in Headers */ = {isa = PBXBuildFile; fileRef = 2C7EE32B13960C0C000305E6 /* iTerm.h */; };
		2C93EF6E13A09861004D78DD /* PreferencesAppearanceHelper.m in Sources */ = {isa = PBXBuildFile; fileRef = 2C93EF6B13A09861004D78DD /* PreferencesAppearanceHelper.m */; };
		2C93EF6F13A09861004D78DD /* PreferencesGeneralHelper.m in Sources */ = {isa = PBXBuildFile; fileRef = 2C93EF6C13A09861004D78DD /* PreferencesGeneralHelper.m */; };
		2C93EF7013A09861004D78DD /* PreferencesGlobalKeybindingsHelper.m in Sources */ = {isa = PBXBuildFile; fileRef = 2C93EF6D13A09861004D78DD /* PreferencesGlobalKeybindingsHelper.m */; };
		2C93EF7413A0988D004D78DD /* PreferencesAppearanceHelper.h in Headers */ = {isa = PBXBuildFile; fileRef = 2C93EF7113A0988D004D78DD /* PreferencesAppearanceHelper.h */; };
		2C93EF7513A0988D004D78DD /* PreferencesGeneralHelper.h in Headers */ = {isa = PBXBuildFile; fileRef = 2C93EF7213A0988D004D78DD /* PreferencesGeneralHelper.h */; };
		2C93EF7613A0988D004D78DD /* PreferencesGlobalKeybindingsHelper.h in Headers */ = {isa = PBXBuildFile; fileRef = 2C93EF7313A0988D004D78DD /* PreferencesGlobalKeybindingsHelper.h */; };
		2CAED74F13AF2A3400D06287 /* TestTest.m in Sources */ = {isa = PBXBuildFile; fileRef = 2CAED74E13AF2A3400D06287 /* TestTest.m */; };
		2CAED78A13AF2DD800D06287 /* RemoteProfileDiscovery.m in Sources */ = {isa = PBXBuildFile; fileRef = 2CAED78913AF2DD800D06287 /* RemoteProfileDiscovery.m */; };
		2CAED78C13AF2DE000D06287 /* RemoteProfileDiscovery.h in Headers */ = {isa = PBXBuildFile; fileRef = 2CAED78B13AF2DE000D06287 /* RemoteProfileDiscovery.h */; };
		2CAED88613AF491C00D06287 /* PrefsAppearanceView.xib in Resources */ = {isa = PBXBuildFile; fileRef = 2CAED87E13AF491C00D06287 /* PrefsAppearanceView.xib */; };
		2CAED88713AF491C00D06287 /* PrefsGeneralView.xib in Resources */ = {isa = PBXBuildFile; fileRef = 2CAED88013AF491C00D06287 /* PrefsGeneralView.xib */; };
		2CAED88813AF491C00D06287 /* PrefsKeybindsView.xib in Resources */ = {isa = PBXBuildFile; fileRef = 2CAED88213AF491C00D06287 /* PrefsKeybindsView.xib */; };
		2CAED88913AF491C00D06287 /* PrefsProfilesView.xib in Resources */ = {isa = PBXBuildFile; fileRef = 2CAED88413AF491C00D06287 /* PrefsProfilesView.xib */; };
		2CAEDA0513AF930700D06287 /* UserPreferenceSchema.plist in Resources */ = {isa = PBXBuildFile; fileRef = 2CAEDA0413AF930700D06287 /* UserPreferenceSchema.plist */; };
		2CAEDB0613AFA35B00D06287 /* AppDefaults.plist in Resources */ = {isa = PBXBuildFile; fileRef = 2CAEDB0513AFA35B00D06287 /* AppDefaults.plist */; };
		2CE27518139B06F0005797CA /* iTerm.icns in Resources */ = {isa = PBXBuildFile; fileRef = 2CE27509139B06F0005797CA /* iTerm.icns */; };
		2CE27546139B08F0005797CA /* Copy-icon.png in Resources */ = {isa = PBXBuildFile; fileRef = 2CE27527139B08F0005797CA /* Copy-icon.png */; };
		2CE27547139B08F0005797CA /* IBarCursor.png in Resources */ = {isa = PBXBuildFile; fileRef = 2CE27528139B08F0005797CA /* IBarCursor.png */; };
		2CE27548139B08F0005797CA /* PrefsAdvanced.tiff in Resources */ = {isa = PBXBuildFile; fileRef = 2CE27529139B08F0005797CA /* PrefsAdvanced.tiff */; };
		2CE27549139B08F0005797CA /* PrefsBookmarks.tiff in Resources */ = {isa = PBXBuildFile; fileRef = 2CE2752A139B08F0005797CA /* PrefsBookmarks.tiff */; };
		2CE2754A139B08F0005797CA /* PrefsDisplay.tiff in Resources */ = {isa = PBXBuildFile; fileRef = 2CE2752B139B08F0005797CA /* PrefsDisplay.tiff */; };
		2CE2754B139B08F0005797CA /* PrefsGeneral.tiff in Resources */ = {isa = PBXBuildFile; fileRef = 2CE2752C139B08F0005797CA /* PrefsGeneral.tiff */; };
		2CE2754C139B08F0005797CA /* PrefsKeyboard.tiff in Resources */ = {isa = PBXBuildFile; fileRef = 2CE2752D139B08F0005797CA /* PrefsKeyboard.tiff */; };
		2CE2754D139B08F0005797CA /* PrefsTerminal.tiff in Resources */ = {isa = PBXBuildFile; fileRef = 2CE2752E139B08F0005797CA /* PrefsTerminal.tiff */; };
		2CE2754E139B08F0005797CA /* addressbook.png in Resources */ = {isa = PBXBuildFile; fileRef = 2CE2752F139B08F0005797CA /* addressbook.png */; };
		2CE2754F139B08F0005797CA /* bell.png in Resources */ = {isa = PBXBuildFile; fileRef = 2CE27530139B08F0005797CA /* bell.png */; };
		2CE27550139B08F0005797CA /* bell.psd in Resources */ = {isa = PBXBuildFile; fileRef = 2CE27531139B08F0005797CA /* bell.psd */; };
		2CE27551139B08F0005797CA /* close.png in Resources */ = {isa = PBXBuildFile; fileRef = 2CE27532139B08F0005797CA /* close.png */; };
		2CE27552139B08F0005797CA /* config.png in Resources */ = {isa = PBXBuildFile; fileRef = 2CE27533139B08F0005797CA /* config.png */; };
		2CE27553139B08F0005797CA /* edit.png in Resources */ = {isa = PBXBuildFile; fileRef = 2CE27534139B08F0005797CA /* edit.png */; };
		2CE27554139B08F0005797CA /* exec.png in Resources */ = {isa = PBXBuildFile; fileRef = 2CE27535139B08F0005797CA /* exec.png */; };
		2CE27555139B08F0005797CA /* folder.png in Resources */ = {isa = PBXBuildFile; fileRef = 2CE27536139B08F0005797CA /* folder.png */; };
		2CE27556139B08F0005797CA /* iTerm-Aqua.jpg in Resources */ = {isa = PBXBuildFile; fileRef = 2CE27537139B08F0005797CA /* iTerm-Aqua.jpg */; };
		2CE27557139B08F0005797CA /* iTerm-old.icns in Resources */ = {isa = PBXBuildFile; fileRef = 2CE27538139B08F0005797CA /* iTerm-old.icns */; };
		2CE27558139B08F0005797CA /* iTerm-old.png in Resources */ = {isa = PBXBuildFile; fileRef = 2CE27539139B08F0005797CA /* iTerm-old.png */; };
		2CE27559139B08F0005797CA /* iTerm.png in Resources */ = {isa = PBXBuildFile; fileRef = 2CE2753A139B08F0005797CA /* iTerm.png */; };
		2CE2755A139B08F0005797CA /* important.png in Resources */ = {isa = PBXBuildFile; fileRef = 2CE2753B139B08F0005797CA /* important.png */; };
		2CE2755B139B08F0005797CA /* new.png in Resources */ = {isa = PBXBuildFile; fileRef = 2CE2753C139B08F0005797CA /* new.png */; };
		2CE2755C139B08F0005797CA /* newwin.png in Resources */ = {isa = PBXBuildFile; fileRef = 2CE2753D139B08F0005797CA /* newwin.png */; };
		2CE2755D139B08F0005797CA /* screen.png in Resources */ = {isa = PBXBuildFile; fileRef = 2CE2753E139B08F0005797CA /* screen.png */; };
		2CE2755E139B08F0005797CA /* script.png in Resources */ = {isa = PBXBuildFile; fileRef = 2CE2753F139B08F0005797CA /* script.png */; };
		2CE2755F139B08F0005797CA /* sort.png in Resources */ = {isa = PBXBuildFile; fileRef = 2CE27540139B08F0005797CA /* sort.png */; };
		2CE27560139B08F0005797CA /* star-gold24.png in Resources */ = {isa = PBXBuildFile; fileRef = 2CE27541139B08F0005797CA /* star-gold24.png */; };
		2CE27561139B08F0005797CA /* waiting.png in Resources */ = {isa = PBXBuildFile; fileRef = 2CE27542139B08F0005797CA /* waiting.png */; };
		2CE27562139B08F0005797CA /* wrap.psd in Resources */ = {isa = PBXBuildFile; fileRef = 2CE27543139B08F0005797CA /* wrap.psd */; };
		2CE27563139B08F0005797CA /* wrap_to_bottom.png in Resources */ = {isa = PBXBuildFile; fileRef = 2CE27544139B08F0005797CA /* wrap_to_bottom.png */; };
		2CE27564139B08F0005797CA /* wrap_to_top.png in Resources */ = {isa = PBXBuildFile; fileRef = 2CE27545139B08F0005797CA /* wrap_to_top.png */; };
		2CE27584139B0923005797CA /* ColorPresets.plist in Resources */ = {isa = PBXBuildFile; fileRef = 2CE2757A139B0923005797CA /* ColorPresets.plist */; };
		2CE27585139B0923005797CA /* DefaultBookmark.plist in Resources */ = {isa = PBXBuildFile; fileRef = 2CE2757B139B0923005797CA /* DefaultBookmark.plist */; };
		2CE27586139B0923005797CA /* DefaultGlobalKeyMap.plist in Resources */ = {isa = PBXBuildFile; fileRef = 2CE2757C139B0923005797CA /* DefaultGlobalKeyMap.plist */; };
		2CE27587139B0923005797CA /* EncodingsWithLowerCase.plist in Resources */ = {isa = PBXBuildFile; fileRef = 2CE2757D139B0923005797CA /* EncodingsWithLowerCase.plist */; };
		2CE27589139B0923005797CA /* MigrationMap.plist in Resources */ = {isa = PBXBuildFile; fileRef = 2CE2757F139B0923005797CA /* MigrationMap.plist */; };
		2CE2758A139B0923005797CA /* PresetKeyMappings.plist in Resources */ = {isa = PBXBuildFile; fileRef = 2CE27580139B0923005797CA /* PresetKeyMappings.plist */; };
		2CE2758B139B0923005797CA /* SmartSelectionRules.plist in Resources */ = {isa = PBXBuildFile; fileRef = 2CE27581139B0923005797CA /* SmartSelectionRules.plist */; };
		2CE2758D139B0923005797CA /* iTerm_Framework.plist in Resources */ = {isa = PBXBuildFile; fileRef = 2CE27583139B0923005797CA /* iTerm_Framework.plist */; };
		2CE2761C139B296D005797CA /* PreferencesModel.h in Headers */ = {isa = PBXBuildFile; fileRef = 2CE2761B139B296D005797CA /* PreferencesModel.h */; };
		2CE2761E139B2977005797CA /* PreferencesModel.m in Sources */ = {isa = PBXBuildFile; fileRef = 2CE2761D139B2977005797CA /* PreferencesModel.m */; };
		2CE2762C139B2A82005797CA /* PreferencePanelController.h in Headers */ = {isa = PBXBuildFile; fileRef = 2CE2762B139B2A82005797CA /* PreferencePanelController.h */; };
		2CE2762E139B2A87005797CA /* PreferencePanelController.m in Sources */ = {isa = PBXBuildFile; fileRef = 2CE2762D139B2A87005797CA /* PreferencePanelController.m */; };
		874206520564169600CFC3F1 /* Foundation.framework in Frameworks */ = {isa = PBXBuildFile; fileRef = 0464AB30006CD2EC7F000001 /* Foundation.framework */; };
		874206530564169600CFC3F1 /* AppKit.framework in Frameworks */ = {isa = PBXBuildFile; fileRef = 0464AB2F006CD2EC7F000001 /* AppKit.framework */; };
		9325FF500FB54E00004EC67C /* MainMenu.xib in Resources */ = {isa = PBXBuildFile; fileRef = 9325FF4E0FB54E00004EC67C /* MainMenu.xib */; };
/* End PBXBuildFile section */

/* Begin PBXContainerItemProxy section */
		2CAED75013AF2A4300D06287 /* PBXContainerItemProxy */ = {
			isa = PBXContainerItemProxy;
			containerPortal = 0464AB0C006CD2EC7F000001 /* Project object */;
			proxyType = 1;
			remoteGlobalIDString = 874206460564169600CFC3F1;
			remoteInfo = iTermprefs;
		};
/* End PBXContainerItemProxy section */

/* Begin PBXFileReference section */
		0464AB2F006CD2EC7F000001 /* AppKit.framework */ = {isa = PBXFileReference; lastKnownFileType = wrapper.framework; name = AppKit.framework; path = /System/Library/Frameworks/AppKit.framework; sourceTree = "<absolute>"; };
		0464AB30006CD2EC7F000001 /* Foundation.framework */ = {isa = PBXFileReference; lastKnownFileType = wrapper.framework; name = Foundation.framework; path = /System/Library/Frameworks/Foundation.framework; sourceTree = "<absolute>"; };
		1D1158CA13444D29009B366F /* English */ = {isa = PBXFileReference; lastKnownFileType = folder; name = English; path = "English.lproj/iTerm2 Help"; sourceTree = "<group>"; };
		1D13EADB12113A2D00909F9C /* libncurses.dylib */ = {isa = PBXFileReference; lastKnownFileType = "compiled.mach-o.dylib"; name = libncurses.dylib; path = usr/lib/libncurses.dylib; sourceTree = SDKROOT; };
		1D94EAC712D641D3008225A9 /* AddressBook.framework */ = {isa = PBXFileReference; lastKnownFileType = wrapper.framework; name = AddressBook.framework; path = System/Library/Frameworks/AddressBook.framework; sourceTree = SDKROOT; };
		1DEB29301288885700B2CB9F /* Quartz.framework */ = {isa = PBXFileReference; lastKnownFileType = wrapper.framework; name = Quartz.framework; path = System/Library/Frameworks/Quartz.framework; sourceTree = SDKROOT; };
		1DEB29371288887100B2CB9F /* QuartzCore.framework */ = {isa = PBXFileReference; lastKnownFileType = wrapper.framework; name = QuartzCore.framework; path = System/Library/Frameworks/QuartzCore.framework; sourceTree = SDKROOT; };
		1DEB293D1288899A00B2CB9F /* Carbon.framework */ = {isa = PBXFileReference; lastKnownFileType = wrapper.framework; name = Carbon.framework; path = System/Library/Frameworks/Carbon.framework; sourceTree = SDKROOT; };
		1DEE9FDC11FCA60F009E18C9 /* English */ = {isa = PBXFileReference; lastKnownFileType = text.rtf; name = English; path = English.lproj/credits.rtf; sourceTree = "<group>"; };
		2C16E34613A72140002F1F58 /* PreferenceKeys.h */ = {isa = PBXFileReference; fileEncoding = 4; lastKnownFileType = sourcecode.c.h; name = PreferenceKeys.h; path = Prefs/PreferenceKeys.h; sourceTree = "<group>"; };
		2C16E42813A74430002F1F58 /* ProfileManager.h */ = {isa = PBXFileReference; fileEncoding = 4; lastKnownFileType = sourcecode.c.h; name = ProfileManager.h; path = Profiles/ProfileManager.h; sourceTree = "<group>"; };
		2C16E42A13A74435002F1F58 /* ProfileModel.h */ = {isa = PBXFileReference; fileEncoding = 4; lastKnownFileType = sourcecode.c.h; name = ProfileModel.h; path = Profiles/ProfileModel.h; sourceTree = "<group>"; };
		2C16E42C13A7443D002F1F58 /* ProfileManager.m */ = {isa = PBXFileReference; fileEncoding = 4; lastKnownFileType = sourcecode.c.objc; name = ProfileManager.m; path = Profiles/ProfileManager.m; sourceTree = "<group>"; };
		2C16E42D13A7443D002F1F58 /* ProfileModel.m */ = {isa = PBXFileReference; fileEncoding = 4; lastKnownFileType = sourcecode.c.objc; name = ProfileModel.m; path = Profiles/ProfileModel.m; sourceTree = "<group>"; };
		2C16E52C13A75732002F1F58 /* GTMCarbonEvent.h */ = {isa = PBXFileReference; fileEncoding = 4; lastKnownFileType = sourcecode.c.h; name = GTMCarbonEvent.h; path = Vendor/GTM/GTMCarbonEvent.h; sourceTree = "<group>"; };
		2C16E52D13A75732002F1F58 /* GTMDebugSelectorValidation.h */ = {isa = PBXFileReference; fileEncoding = 4; lastKnownFileType = sourcecode.c.h; name = GTMDebugSelectorValidation.h; path = Vendor/GTM/GTMDebugSelectorValidation.h; sourceTree = "<group>"; };
		2C16E52E13A75732002F1F58 /* GTMDefines.h */ = {isa = PBXFileReference; fileEncoding = 4; lastKnownFileType = sourcecode.c.h; name = GTMDefines.h; path = Vendor/GTM/GTMDefines.h; sourceTree = "<group>"; };
		2C16E52F13A75732002F1F58 /* GTMObjectSingleton.h */ = {isa = PBXFileReference; fileEncoding = 4; lastKnownFileType = sourcecode.c.h; name = GTMObjectSingleton.h; path = Vendor/GTM/GTMObjectSingleton.h; sourceTree = "<group>"; };
		2C16E53013A75732002F1F58 /* GTMTypeCasting.h */ = {isa = PBXFileReference; fileEncoding = 4; lastKnownFileType = sourcecode.c.h; name = GTMTypeCasting.h; path = Vendor/GTM/GTMTypeCasting.h; sourceTree = "<group>"; };
		2C16E53613A7573A002F1F58 /* GTMCarbonEvent.m */ = {isa = PBXFileReference; fileEncoding = 4; lastKnownFileType = sourcecode.c.objc; name = GTMCarbonEvent.m; path = Vendor/GTM/GTMCarbonEvent.m; sourceTree = "<group>"; };
		2C16E59113A766C0002F1F58 /* iTermPrefs.app */ = {isa = PBXFileReference; explicitFileType = wrapper.application; includeInIndex = 0; path = iTermPrefs.app; sourceTree = BUILT_PRODUCTS_DIR; };
		2C1C0828139DB34C00E1DA75 /* PreferencesProfilesHelper.h */ = {isa = PBXFileReference; fileEncoding = 4; lastKnownFileType = sourcecode.c.h; name = PreferencesProfilesHelper.h; path = Prefs/PreferencesProfilesHelper.h; sourceTree = "<group>"; };
		2C1C082A139DB35700E1DA75 /* PreferencesProfilesHelper.m */ = {isa = PBXFileReference; fileEncoding = 4; lastKnownFileType = sourcecode.c.objc; name = PreferencesProfilesHelper.m; path = Prefs/PreferencesProfilesHelper.m; sourceTree = "<group>"; };
		2C1C0F00139FD16600E1DA75 /* GTM */ = {isa = PBXFileReference; lastKnownFileType = folder; name = GTM; path = Vendor/GTM; sourceTree = "<group>"; };
		2C1C0F02139FD18400E1DA75 /* GTMCarbonEvent.h */ = {isa = PBXFileReference; fileEncoding = 4; lastKnownFileType = sourcecode.c.h; name = GTMCarbonEvent.h; path = Vendor/GTM/GTMCarbonEvent.h; sourceTree = "<group>"; };
		2C1C0F03139FD18400E1DA75 /* GTMDebugSelectorValidation.h */ = {isa = PBXFileReference; fileEncoding = 4; lastKnownFileType = sourcecode.c.h; name = GTMDebugSelectorValidation.h; path = Vendor/GTM/GTMDebugSelectorValidation.h; sourceTree = "<group>"; };
		2C1C0F04139FD18400E1DA75 /* GTMDefines.h */ = {isa = PBXFileReference; fileEncoding = 4; lastKnownFileType = sourcecode.c.h; name = GTMDefines.h; path = Vendor/GTM/GTMDefines.h; sourceTree = "<group>"; };
		2C1C0F05139FD18400E1DA75 /* GTMObjectSingleton.h */ = {isa = PBXFileReference; fileEncoding = 4; lastKnownFileType = sourcecode.c.h; name = GTMObjectSingleton.h; path = Vendor/GTM/GTMObjectSingleton.h; sourceTree = "<group>"; };
		2C1C0F06139FD18400E1DA75 /* GTMTypeCasting.h */ = {isa = PBXFileReference; fileEncoding = 4; lastKnownFileType = sourcecode.c.h; name = GTMTypeCasting.h; path = Vendor/GTM/GTMTypeCasting.h; sourceTree = "<group>"; };
		2C1C0F12139FD30000E1DA75 /* Search */ = {isa = PBXFileReference; lastKnownFileType = folder; path = Search; sourceTree = "<group>"; };
		2C1C0F17139FD32500E1DA75 /* iTermSearchField.m */ = {isa = PBXFileReference; fileEncoding = 4; lastKnownFileType = sourcecode.c.objc; name = iTermSearchField.m; path = Search/iTermSearchField.m; sourceTree = "<group>"; };
		2C1C0F19139FD32D00E1DA75 /* iTermSearchField.h */ = {isa = PBXFileReference; fileEncoding = 4; lastKnownFileType = sourcecode.c.h; name = iTermSearchField.h; path = Search/iTermSearchField.h; sourceTree = "<group>"; };
		2C275FD91395C70600D340AA /* App */ = {isa = PBXFileReference; lastKnownFileType = folder; path = App; sourceTree = SOURCE_ROOT; };
		2C275FFA1395C70600D340AA /* Prefs */ = {isa = PBXFileReference; lastKnownFileType = folder; path = Prefs; sourceTree = SOURCE_ROOT; };
		2C275FFD1395C70600D340AA /* Profiles */ = {isa = PBXFileReference; lastKnownFileType = folder; path = Profiles; sourceTree = SOURCE_ROOT; };
		2C2761581395D3ED00D340AA /* iTermApplication.m */ = {isa = PBXFileReference; fileEncoding = 4; lastKnownFileType = sourcecode.c.objc; name = iTermApplication.m; path = App/iTermApplication.m; sourceTree = "<group>"; };
		2C2761591395D3ED00D340AA /* iTermApplicationDelegate.m */ = {isa = PBXFileReference; fileEncoding = 4; lastKnownFileType = sourcecode.c.objc; name = iTermApplicationDelegate.m; path = App/iTermApplicationDelegate.m; sourceTree = "<group>"; };
		2C27615A1395D3ED00D340AA /* iTermController.m */ = {isa = PBXFileReference; fileEncoding = 4; lastKnownFileType = sourcecode.c.objc; name = iTermController.m; path = App/iTermController.m; sourceTree = "<group>"; };
		2C27615C1395D3ED00D340AA /* KeyBindingManager.m */ = {isa = PBXFileReference; fileEncoding = 4; lastKnownFileType = sourcecode.c.objc; name = KeyBindingManager.m; path = App/KeyBindingManager.m; sourceTree = "<group>"; };
		2C2761841395D57A00D340AA /* ProfilesListView.m */ = {isa = PBXFileReference; fileEncoding = 4; lastKnownFileType = sourcecode.c.objc; name = ProfilesListView.m; path = Profiles/ProfilesListView.m; sourceTree = "<group>"; };
		2C2761871395D57A00D340AA /* ProfilesWindow.m */ = {isa = PBXFileReference; fileEncoding = 4; lastKnownFileType = sourcecode.c.objc; name = ProfilesWindow.m; path = Profiles/ProfilesWindow.m; sourceTree = "<group>"; };
		2C2761881395D57A00D340AA /* ProfileManager.m */ = {isa = PBXFileReference; fileEncoding = 4; lastKnownFileType = sourcecode.c.objc; name = ProfileManager.m; path = Profiles/ProfileManager.m; sourceTree = "<group>"; };
		2C29CDB313B42DA90091AC7E /* PreferencesMigrator.m */ = {isa = PBXFileReference; fileEncoding = 4; lastKnownFileType = sourcecode.c.objc; name = PreferencesMigrator.m; path = Prefs/PreferencesMigrator.m; sourceTree = "<group>"; };
		2C29CDB513B42DB30091AC7E /* PreferencesMigrator.h */ = {isa = PBXFileReference; fileEncoding = 4; lastKnownFileType = sourcecode.c.h; name = PreferencesMigrator.h; path = Prefs/PreferencesMigrator.h; sourceTree = "<group>"; };
		2C29CE7D13B48BD80091AC7E /* Misc */ = {isa = PBXFileReference; lastKnownFileType = folder; path = Misc; sourceTree = "<group>"; };
		2C29CE8B13B48C210091AC7E /* StringIntValueTransformer.m */ = {isa = PBXFileReference; fileEncoding = 4; lastKnownFileType = sourcecode.c.objc; name = StringIntValueTransformer.m; path = Misc/StringIntValueTransformer.m; sourceTree = "<group>"; };
		2C29CE8D13B48C2D0091AC7E /* StringIntValueTransformer.h */ = {isa = PBXFileReference; fileEncoding = 4; lastKnownFileType = sourcecode.c.h; name = StringIntValueTransformer.h; path = Misc/StringIntValueTransformer.h; sourceTree = "<group>"; };
		2C29CF2F13B491D40091AC7E /* PreferencesSchema.m */ = {isa = PBXFileReference; fileEncoding = 4; lastKnownFileType = sourcecode.c.objc; name = PreferencesSchema.m; path = Prefs/PreferencesSchema.m; sourceTree = "<group>"; };
		2C29CF3113B491DA0091AC7E /* PreferencesSchema.h */ = {isa = PBXFileReference; fileEncoding = 4; lastKnownFileType = sourcecode.c.h; name = PreferencesSchema.h; path = Prefs/PreferencesSchema.h; sourceTree = "<group>"; };
		2C29D02D13B4ECF20091AC7E /* RegexKitLite */ = {isa = PBXFileReference; lastKnownFileType = folder; name = RegexKitLite; path = Vendor/RegexKitLite; sourceTree = "<group>"; };
		2C29D03513B4ECFF0091AC7E /* RegexKitLite.m */ = {isa = PBXFileReference; fileEncoding = 4; lastKnownFileType = sourcecode.c.objc; name = RegexKitLite.m; path = Vendor/RegexKitLite/RegexKitLite.m; sourceTree = "<group>"; };
		2C29D03713B4ED050091AC7E /* RegexKitLite.h */ = {isa = PBXFileReference; fileEncoding = 4; lastKnownFileType = sourcecode.c.h; name = RegexKitLite.h; path = Vendor/RegexKitLite/RegexKitLite.h; sourceTree = "<group>"; };
		2C29D1A213B53E1C0091AC7E /* EventTapManager.h */ = {isa = PBXFileReference; fileEncoding = 4; lastKnownFileType = sourcecode.c.h; name = EventTapManager.h; path = Misc/EventTapManager.h; sourceTree = "<group>"; };
		2C29D1A413B53E220091AC7E /* EventTapManager.m */ = {isa = PBXFileReference; fileEncoding = 4; lastKnownFileType = sourcecode.c.objc; name = EventTapManager.m; path = Misc/EventTapManager.m; sourceTree = "<group>"; };
		2C7EE1FD13960462000305E6 /* iTermApplication.h */ = {isa = PBXFileReference; fileEncoding = 4; lastKnownFileType = sourcecode.c.h; name = iTermApplication.h; path = App/iTermApplication.h; sourceTree = "<group>"; };
		2C7EE1FE13960462000305E6 /* iTermApplicationDelegate.h */ = {isa = PBXFileReference; fileEncoding = 4; lastKnownFileType = sourcecode.c.h; name = iTermApplicationDelegate.h; path = App/iTermApplicationDelegate.h; sourceTree = "<group>"; };
		2C7EE1FF13960462000305E6 /* iTermController.h */ = {isa = PBXFileReference; fileEncoding = 4; lastKnownFileType = sourcecode.c.h; name = iTermController.h; path = App/iTermController.h; sourceTree = "<group>"; };
		2C7EE20113960462000305E6 /* KeyBindingManager.h */ = {isa = PBXFileReference; fileEncoding = 4; lastKnownFileType = sourcecode.c.h; name = KeyBindingManager.h; path = App/KeyBindingManager.h; sourceTree = "<group>"; };
		2C7EE20C13960462000305E6 /* ProfilesListView.h */ = {isa = PBXFileReference; fileEncoding = 4; lastKnownFileType = sourcecode.c.h; name = ProfilesListView.h; path = Profiles/ProfilesListView.h; sourceTree = "<group>"; };
		2C7EE20E13960462000305E6 /* ProfilesWindow.h */ = {isa = PBXFileReference; fileEncoding = 4; lastKnownFileType = sourcecode.c.h; name = ProfilesWindow.h; path = Profiles/ProfilesWindow.h; sourceTree = "<group>"; };
		2C7EE32313960BC4000305E6 /* iTerm */ = {isa = PBXFileReference; lastKnownFileType = folder; path = iTerm; sourceTree = "<group>"; };
		2C7EE32913960BFA000305E6 /* main.m */ = {isa = PBXFileReference; fileEncoding = 4; lastKnownFileType = sourcecode.c.objc; name = main.m; path = iTerm/main.m; sourceTree = "<group>"; };
		2C7EE32B13960C0C000305E6 /* iTerm.h */ = {isa = PBXFileReference; fileEncoding = 4; lastKnownFileType = sourcecode.c.h; name = iTerm.h; path = iTerm/iTerm.h; sourceTree = "<group>"; };
		2C93EF6B13A09861004D78DD /* PreferencesAppearanceHelper.m */ = {isa = PBXFileReference; fileEncoding = 4; lastKnownFileType = sourcecode.c.objc; name = PreferencesAppearanceHelper.m; path = Prefs/PreferencesAppearanceHelper.m; sourceTree = "<group>"; };
		2C93EF6C13A09861004D78DD /* PreferencesGeneralHelper.m */ = {isa = PBXFileReference; fileEncoding = 4; lastKnownFileType = sourcecode.c.objc; name = PreferencesGeneralHelper.m; path = Prefs/PreferencesGeneralHelper.m; sourceTree = "<group>"; };
		2C93EF6D13A09861004D78DD /* PreferencesGlobalKeybindingsHelper.m */ = {isa = PBXFileReference; fileEncoding = 4; lastKnownFileType = sourcecode.c.objc; name = PreferencesGlobalKeybindingsHelper.m; path = Prefs/PreferencesGlobalKeybindingsHelper.m; sourceTree = "<group>"; };
		2C93EF7113A0988D004D78DD /* PreferencesAppearanceHelper.h */ = {isa = PBXFileReference; fileEncoding = 4; lastKnownFileType = sourcecode.c.h; name = PreferencesAppearanceHelper.h; path = Prefs/PreferencesAppearanceHelper.h; sourceTree = "<group>"; };
		2C93EF7213A0988D004D78DD /* PreferencesGeneralHelper.h */ = {isa = PBXFileReference; fileEncoding = 4; lastKnownFileType = sourcecode.c.h; name = PreferencesGeneralHelper.h; path = Prefs/PreferencesGeneralHelper.h; sourceTree = "<group>"; };
		2C93EF7313A0988D004D78DD /* PreferencesGlobalKeybindingsHelper.h */ = {isa = PBXFileReference; fileEncoding = 4; lastKnownFileType = sourcecode.c.h; name = PreferencesGlobalKeybindingsHelper.h; path = Prefs/PreferencesGlobalKeybindingsHelper.h; sourceTree = "<group>"; };
		2CAED74613AF29EE00D06287 /* PreferencesTesting.octest */ = {isa = PBXFileReference; explicitFileType = wrapper.cfbundle; includeInIndex = 0; path = PreferencesTesting.octest; sourceTree = BUILT_PRODUCTS_DIR; };
		2CAED74713AF29EE00D06287 /* PreferencesTesting-Info.plist */ = {isa = PBXFileReference; lastKnownFileType = text.plist.xml; path = "PreferencesTesting-Info.plist"; sourceTree = "<group>"; };
		2CAED74D13AF2A3400D06287 /* TestTest.h */ = {isa = PBXFileReference; fileEncoding = 4; lastKnownFileType = sourcecode.c.h; name = TestTest.h; path = tests/unit/TestTest.h; sourceTree = "<group>"; };
		2CAED74E13AF2A3400D06287 /* TestTest.m */ = {isa = PBXFileReference; fileEncoding = 4; lastKnownFileType = sourcecode.c.objc; name = TestTest.m; path = tests/unit/TestTest.m; sourceTree = "<group>"; };
		2CAED78913AF2DD800D06287 /* RemoteProfileDiscovery.m */ = {isa = PBXFileReference; fileEncoding = 4; lastKnownFileType = sourcecode.c.objc; name = RemoteProfileDiscovery.m; path = Profiles/RemoteProfileDiscovery.m; sourceTree = "<group>"; };
		2CAED78B13AF2DE000D06287 /* RemoteProfileDiscovery.h */ = {isa = PBXFileReference; fileEncoding = 4; lastKnownFileType = sourcecode.c.h; name = RemoteProfileDiscovery.h; path = Profiles/RemoteProfileDiscovery.h; sourceTree = "<group>"; };
		2CAED87F13AF491C00D06287 /* English */ = {isa = PBXFileReference; lastKnownFileType = file.xib; name = English; path = English.lproj/PrefsAppearanceView.xib; sourceTree = "<group>"; };
		2CAED88113AF491C00D06287 /* English */ = {isa = PBXFileReference; lastKnownFileType = file.xib; name = English; path = English.lproj/PrefsGeneralView.xib; sourceTree = "<group>"; };
		2CAED88313AF491C00D06287 /* English */ = {isa = PBXFileReference; lastKnownFileType = file.xib; name = English; path = English.lproj/PrefsKeybindsView.xib; sourceTree = "<group>"; };
		2CAED88513AF491C00D06287 /* English */ = {isa = PBXFileReference; lastKnownFileType = file.xib; name = English; path = English.lproj/PrefsProfilesView.xib; sourceTree = "<group>"; };
		2CAEDA0413AF930700D06287 /* UserPreferenceSchema.plist */ = {isa = PBXFileReference; fileEncoding = 4; lastKnownFileType = text.plist.xml; name = UserPreferenceSchema.plist; path = properties/UserPreferenceSchema.plist; sourceTree = "<group>"; };
		2CAEDB0513AFA35B00D06287 /* AppDefaults.plist */ = {isa = PBXFileReference; fileEncoding = 4; lastKnownFileType = text.plist.xml; name = AppDefaults.plist; path = properties/AppDefaults.plist; sourceTree = "<group>"; };
		2CE274E8139B06F0005797CA /* images */ = {isa = PBXFileReference; lastKnownFileType = folder; path = images; sourceTree = "<group>"; };
		2CE27509139B06F0005797CA /* iTerm.icns */ = {isa = PBXFileReference; lastKnownFileType = image.icns; path = iTerm.icns; sourceTree = "<group>"; };
		2CE2750A139B06F0005797CA /* properties */ = {isa = PBXFileReference; lastKnownFileType = folder; path = properties; sourceTree = "<group>"; };
		2CE27527139B08F0005797CA /* Copy-icon.png */ = {isa = PBXFileReference; lastKnownFileType = image.png; name = "Copy-icon.png"; path = "images/Copy-icon.png"; sourceTree = "<group>"; };
		2CE27528139B08F0005797CA /* IBarCursor.png */ = {isa = PBXFileReference; lastKnownFileType = image.png; name = IBarCursor.png; path = images/IBarCursor.png; sourceTree = "<group>"; };
		2CE27529139B08F0005797CA /* PrefsAdvanced.tiff */ = {isa = PBXFileReference; lastKnownFileType = image.tiff; name = PrefsAdvanced.tiff; path = images/PrefsAdvanced.tiff; sourceTree = "<group>"; };
		2CE2752A139B08F0005797CA /* PrefsBookmarks.tiff */ = {isa = PBXFileReference; lastKnownFileType = image.tiff; name = PrefsBookmarks.tiff; path = images/PrefsBookmarks.tiff; sourceTree = "<group>"; };
		2CE2752B139B08F0005797CA /* PrefsDisplay.tiff */ = {isa = PBXFileReference; lastKnownFileType = image.tiff; name = PrefsDisplay.tiff; path = images/PrefsDisplay.tiff; sourceTree = "<group>"; };
		2CE2752C139B08F0005797CA /* PrefsGeneral.tiff */ = {isa = PBXFileReference; lastKnownFileType = image.tiff; name = PrefsGeneral.tiff; path = images/PrefsGeneral.tiff; sourceTree = "<group>"; };
		2CE2752D139B08F0005797CA /* PrefsKeyboard.tiff */ = {isa = PBXFileReference; lastKnownFileType = image.tiff; name = PrefsKeyboard.tiff; path = images/PrefsKeyboard.tiff; sourceTree = "<group>"; };
		2CE2752E139B08F0005797CA /* PrefsTerminal.tiff */ = {isa = PBXFileReference; lastKnownFileType = image.tiff; name = PrefsTerminal.tiff; path = images/PrefsTerminal.tiff; sourceTree = "<group>"; };
		2CE2752F139B08F0005797CA /* addressbook.png */ = {isa = PBXFileReference; lastKnownFileType = image.png; name = addressbook.png; path = images/addressbook.png; sourceTree = "<group>"; };
		2CE27530139B08F0005797CA /* bell.png */ = {isa = PBXFileReference; lastKnownFileType = image.png; name = bell.png; path = images/bell.png; sourceTree = "<group>"; };
		2CE27531139B08F0005797CA /* bell.psd */ = {isa = PBXFileReference; lastKnownFileType = file; name = bell.psd; path = images/bell.psd; sourceTree = "<group>"; };
		2CE27532139B08F0005797CA /* close.png */ = {isa = PBXFileReference; lastKnownFileType = image.png; name = close.png; path = images/close.png; sourceTree = "<group>"; };
		2CE27533139B08F0005797CA /* config.png */ = {isa = PBXFileReference; lastKnownFileType = image.png; name = config.png; path = images/config.png; sourceTree = "<group>"; };
		2CE27534139B08F0005797CA /* edit.png */ = {isa = PBXFileReference; lastKnownFileType = image.png; name = edit.png; path = images/edit.png; sourceTree = "<group>"; };
		2CE27535139B08F0005797CA /* exec.png */ = {isa = PBXFileReference; lastKnownFileType = image.png; name = exec.png; path = images/exec.png; sourceTree = "<group>"; };
		2CE27536139B08F0005797CA /* folder.png */ = {isa = PBXFileReference; lastKnownFileType = image.png; name = folder.png; path = images/folder.png; sourceTree = "<group>"; };
		2CE27537139B08F0005797CA /* iTerm-Aqua.jpg */ = {isa = PBXFileReference; lastKnownFileType = image.jpeg; name = "iTerm-Aqua.jpg"; path = "images/iTerm-Aqua.jpg"; sourceTree = "<group>"; };
		2CE27538139B08F0005797CA /* iTerm-old.icns */ = {isa = PBXFileReference; lastKnownFileType = image.icns; name = "iTerm-old.icns"; path = "images/iTerm-old.icns"; sourceTree = "<group>"; };
		2CE27539139B08F0005797CA /* iTerm-old.png */ = {isa = PBXFileReference; lastKnownFileType = image.png; name = "iTerm-old.png"; path = "images/iTerm-old.png"; sourceTree = "<group>"; };
		2CE2753A139B08F0005797CA /* iTerm.png */ = {isa = PBXFileReference; lastKnownFileType = image.png; name = iTerm.png; path = images/iTerm.png; sourceTree = "<group>"; };
		2CE2753B139B08F0005797CA /* important.png */ = {isa = PBXFileReference; lastKnownFileType = image.png; name = important.png; path = images/important.png; sourceTree = "<group>"; };
		2CE2753C139B08F0005797CA /* new.png */ = {isa = PBXFileReference; lastKnownFileType = image.png; name = new.png; path = images/new.png; sourceTree = "<group>"; };
		2CE2753D139B08F0005797CA /* newwin.png */ = {isa = PBXFileReference; lastKnownFileType = image.png; name = newwin.png; path = images/newwin.png; sourceTree = "<group>"; };
		2CE2753E139B08F0005797CA /* screen.png */ = {isa = PBXFileReference; lastKnownFileType = image.png; name = screen.png; path = images/screen.png; sourceTree = "<group>"; };
		2CE2753F139B08F0005797CA /* script.png */ = {isa = PBXFileReference; lastKnownFileType = image.png; name = script.png; path = images/script.png; sourceTree = "<group>"; };
		2CE27540139B08F0005797CA /* sort.png */ = {isa = PBXFileReference; lastKnownFileType = image.png; name = sort.png; path = images/sort.png; sourceTree = "<group>"; };
		2CE27541139B08F0005797CA /* star-gold24.png */ = {isa = PBXFileReference; lastKnownFileType = image.png; name = "star-gold24.png"; path = "images/star-gold24.png"; sourceTree = "<group>"; };
		2CE27542139B08F0005797CA /* waiting.png */ = {isa = PBXFileReference; lastKnownFileType = image.png; name = waiting.png; path = images/waiting.png; sourceTree = "<group>"; };
		2CE27543139B08F0005797CA /* wrap.psd */ = {isa = PBXFileReference; lastKnownFileType = file; name = wrap.psd; path = images/wrap.psd; sourceTree = "<group>"; };
		2CE27544139B08F0005797CA /* wrap_to_bottom.png */ = {isa = PBXFileReference; lastKnownFileType = image.png; name = wrap_to_bottom.png; path = images/wrap_to_bottom.png; sourceTree = "<group>"; };
		2CE27545139B08F0005797CA /* wrap_to_top.png */ = {isa = PBXFileReference; lastKnownFileType = image.png; name = wrap_to_top.png; path = images/wrap_to_top.png; sourceTree = "<group>"; };
		2CE2757A139B0923005797CA /* ColorPresets.plist */ = {isa = PBXFileReference; fileEncoding = 4; lastKnownFileType = text.plist.xml; name = ColorPresets.plist; path = properties/ColorPresets.plist; sourceTree = "<group>"; };
		2CE2757B139B0923005797CA /* DefaultBookmark.plist */ = {isa = PBXFileReference; fileEncoding = 4; lastKnownFileType = text.plist.xml; name = DefaultBookmark.plist; path = properties/DefaultBookmark.plist; sourceTree = "<group>"; };
		2CE2757C139B0923005797CA /* DefaultGlobalKeyMap.plist */ = {isa = PBXFileReference; fileEncoding = 4; lastKnownFileType = text.plist.xml; name = DefaultGlobalKeyMap.plist; path = properties/DefaultGlobalKeyMap.plist; sourceTree = "<group>"; };
		2CE2757D139B0923005797CA /* EncodingsWithLowerCase.plist */ = {isa = PBXFileReference; fileEncoding = 4; lastKnownFileType = text.plist.xml; name = EncodingsWithLowerCase.plist; path = properties/EncodingsWithLowerCase.plist; sourceTree = "<group>"; };
		2CE2757E139B0923005797CA /* Growl-Info.plist */ = {isa = PBXFileReference; fileEncoding = 4; lastKnownFileType = text.plist.xml; name = "Growl-Info.plist"; path = "properties/Growl-Info.plist"; sourceTree = "<group>"; };
		2CE2757F139B0923005797CA /* MigrationMap.plist */ = {isa = PBXFileReference; fileEncoding = 4; lastKnownFileType = text.plist.xml; name = MigrationMap.plist; path = properties/MigrationMap.plist; sourceTree = "<group>"; };
		2CE27580139B0923005797CA /* PresetKeyMappings.plist */ = {isa = PBXFileReference; fileEncoding = 4; lastKnownFileType = text.plist.xml; name = PresetKeyMappings.plist; path = properties/PresetKeyMappings.plist; sourceTree = "<group>"; };
		2CE27581139B0923005797CA /* SmartSelectionRules.plist */ = {isa = PBXFileReference; fileEncoding = 4; lastKnownFileType = text.plist.xml; name = SmartSelectionRules.plist; path = properties/SmartSelectionRules.plist; sourceTree = "<group>"; };
		2CE27583139B0923005797CA /* iTerm_Framework.plist */ = {isa = PBXFileReference; fileEncoding = 4; lastKnownFileType = text.plist.xml; name = iTerm_Framework.plist; path = properties/iTerm_Framework.plist; sourceTree = "<group>"; };
		2CE2761B139B296D005797CA /* PreferencesModel.h */ = {isa = PBXFileReference; fileEncoding = 4; lastKnownFileType = sourcecode.c.h; name = PreferencesModel.h; path = Prefs/PreferencesModel.h; sourceTree = "<group>"; };
		2CE2761D139B2977005797CA /* PreferencesModel.m */ = {isa = PBXFileReference; fileEncoding = 4; lastKnownFileType = sourcecode.c.objc; name = PreferencesModel.m; path = Prefs/PreferencesModel.m; sourceTree = "<group>"; };
		2CE2762B139B2A82005797CA /* PreferencePanelController.h */ = {isa = PBXFileReference; fileEncoding = 4; lastKnownFileType = sourcecode.c.h; name = PreferencePanelController.h; path = Prefs/PreferencePanelController.h; sourceTree = "<group>"; };
		2CE2762D139B2A87005797CA /* PreferencePanelController.m */ = {isa = PBXFileReference; fileEncoding = 4; lastKnownFileType = sourcecode.c.objc; name = PreferencePanelController.m; path = Prefs/PreferencePanelController.m; sourceTree = "<group>"; };
		9325FF410FB54DF1004EC67C /* English */ = {isa = PBXFileReference; lastKnownFileType = file.xib; name = English; path = English.lproj/PreferencePanel.xib; sourceTree = "<group>"; };
		9325FF4F0FB54E00004EC67C /* English */ = {isa = PBXFileReference; lastKnownFileType = file.xib; name = English; path = English.lproj/MainMenu.xib; sourceTree = "<group>"; };
/* End PBXFileReference section */

/* Begin PBXFrameworksBuildPhase section */
		2CAED74313AF29EE00D06287 /* Frameworks */ = {
			isa = PBXFrameworksBuildPhase;
			buildActionMask = 2147483647;
			files = (
			);
			runOnlyForDeploymentPostprocessing = 0;
		};
		874206510564169600CFC3F1 /* Frameworks */ = {
			isa = PBXFrameworksBuildPhase;
			buildActionMask = 2147483647;
			files = (
				874206520564169600CFC3F1 /* Foundation.framework in Frameworks */,
				874206530564169600CFC3F1 /* AppKit.framework in Frameworks */,
				1D13EADC12113A2D00909F9C /* libncurses.dylib in Frameworks */,
				1D6C18BE12951A3C00937A4A /* Carbon.framework in Frameworks */,
				1D94EAC812D641D3008225A9 /* AddressBook.framework in Frameworks */,
			);
			runOnlyForDeploymentPostprocessing = 0;
		};
/* End PBXFrameworksBuildPhase section */

/* Begin PBXGroup section */
		0464AB0D006CD2EC7F000001 /* JTerminal */ = {
			isa = PBXGroup;
			children = (
				1DEE9FDB11FCA60F009E18C9 /* credits.rtf */,
				2C1C0EB7139FCDB100E1DA75 /* Vendor */,
				2CE2723B13965953005797CA /* XIB Files */,
				0464AB0E006CD2EC7F000001 /* Classes */,
				2C2761F01395DAA100D340AA /* Source */,
				0464AB15006CD2EC7F000001 /* Headers */,
				1D5FD9AD11F61CA900C46BA3 /* Tests */,
				2CE27524139B08D1005797CA /* Resources */,
				2CE27487139B0655005797CA /* Resources_xx */,
				0464AB2E006CD2EC7F000001 /* External Frameworks */,
				0464AB32006CD2EC7F000001 /* Products */,
			);
			name = JTerminal;
			sourceTree = "<group>";
		};
		0464AB0E006CD2EC7F000001 /* Classes */ = {
			isa = PBXGroup;
			children = (
				2C29CE7D13B48BD80091AC7E /* Misc */,
				2C1C0F12139FD30000E1DA75 /* Search */,
				2C7EE32313960BC4000305E6 /* iTerm */,
				2C275FD91395C70600D340AA /* App */,
				2C275FFA1395C70600D340AA /* Prefs */,
				2C275FFD1395C70600D340AA /* Profiles */,
			);
			name = Classes;
			sourceTree = "<group>";
		};
		0464AB15006CD2EC7F000001 /* Headers */ = {
			isa = PBXGroup;
			children = (
				2C29D1A213B53E1C0091AC7E /* EventTapManager.h */,
				2C29D03713B4ED050091AC7E /* RegexKitLite.h */,
				2C29CF3113B491DA0091AC7E /* PreferencesSchema.h */,
				2C29CDB513B42DB30091AC7E /* PreferencesMigrator.h */,
				2CAED78B13AF2DE000D06287 /* RemoteProfileDiscovery.h */,
				2C29CE8D13B48C2D0091AC7E /* StringIntValueTransformer.h */,
				2C16E52C13A75732002F1F58 /* GTMCarbonEvent.h */,
				2C16E52D13A75732002F1F58 /* GTMDebugSelectorValidation.h */,
				2C16E52E13A75732002F1F58 /* GTMDefines.h */,
				2C16E52F13A75732002F1F58 /* GTMObjectSingleton.h */,
				2C16E53013A75732002F1F58 /* GTMTypeCasting.h */,
				2C16E42813A74430002F1F58 /* ProfileManager.h */,
				2C1C0F02139FD18400E1DA75 /* GTMCarbonEvent.h */,
				2C1C0F03139FD18400E1DA75 /* GTMDebugSelectorValidation.h */,
				2C16E34613A72140002F1F58 /* PreferenceKeys.h */,
				2C1C0F04139FD18400E1DA75 /* GTMDefines.h */,
				2C1C0F05139FD18400E1DA75 /* GTMObjectSingleton.h */,
				2C16E42A13A74435002F1F58 /* ProfileModel.h */,
				2C1C0F06139FD18400E1DA75 /* GTMTypeCasting.h */,
				2CE2761B139B296D005797CA /* PreferencesModel.h */,
				2C93EF7113A0988D004D78DD /* PreferencesAppearanceHelper.h */,
				2C93EF7213A0988D004D78DD /* PreferencesGeneralHelper.h */,
				2C93EF7313A0988D004D78DD /* PreferencesGlobalKeybindingsHelper.h */,
				2C1C0828139DB34C00E1DA75 /* PreferencesProfilesHelper.h */,
				2CE2762B139B2A82005797CA /* PreferencePanelController.h */,
				2C7EE32B13960C0C000305E6 /* iTerm.h */,
				2C1C0F19139FD32D00E1DA75 /* iTermSearchField.h */,
				2C7EE1FD13960462000305E6 /* iTermApplication.h */,
				2C7EE1FE13960462000305E6 /* iTermApplicationDelegate.h */,
				2C7EE1FF13960462000305E6 /* iTermController.h */,
				2C7EE20113960462000305E6 /* KeyBindingManager.h */,
				2C7EE20C13960462000305E6 /* ProfilesListView.h */,
				2C7EE20E13960462000305E6 /* ProfilesWindow.h */,
			);
			name = Headers;
			sourceTree = "<group>";
		};
		0464AB2E006CD2EC7F000001 /* External Frameworks */ = {
			isa = PBXGroup;
			children = (
				1D13EADB12113A2D00909F9C /* libncurses.dylib */,
				1DEB29301288885700B2CB9F /* Quartz.framework */,
				1DEB29371288887100B2CB9F /* QuartzCore.framework */,
				1DEB293D1288899A00B2CB9F /* Carbon.framework */,
				1D94EAC712D641D3008225A9 /* AddressBook.framework */,
				0464AB2F006CD2EC7F000001 /* AppKit.framework */,
				0464AB30006CD2EC7F000001 /* Foundation.framework */,
			);
			name = "External Frameworks";
			sourceTree = "<group>";
		};
		0464AB32006CD2EC7F000001 /* Products */ = {
			isa = PBXGroup;
			children = (
				2C16E59113A766C0002F1F58 /* iTermPrefs.app */,
				2CAED74613AF29EE00D06287 /* PreferencesTesting.octest */,
			);
			name = Products;
			sourceTree = "<group>";
		};
		1D5FD9AD11F61CA900C46BA3 /* Tests */ = {
			isa = PBXGroup;
			children = (
				2CAED74713AF29EE00D06287 /* PreferencesTesting-Info.plist */,
				2CAED74D13AF2A3400D06287 /* TestTest.h */,
				2CAED74E13AF2A3400D06287 /* TestTest.m */,
			);
			name = Tests;
			sourceTree = "<group>";
		};
		2C1C0EB7139FCDB100E1DA75 /* Vendor */ = {
			isa = PBXGroup;
			children = (
				2C29D02D13B4ECF20091AC7E /* RegexKitLite */,
				2C1C0F00139FD16600E1DA75 /* GTM */,
			);
			name = Vendor;
			sourceTree = "<group>";
		};
		2C2761F01395DAA100D340AA /* Source */ = {
			isa = PBXGroup;
			children = (
				2C29D1A413B53E220091AC7E /* EventTapManager.m */,
				2C29D03513B4ECFF0091AC7E /* RegexKitLite.m */,
				2C29CF2F13B491D40091AC7E /* PreferencesSchema.m */,
				2C29CDB313B42DA90091AC7E /* PreferencesMigrator.m */,
				2C29CE8B13B48C210091AC7E /* StringIntValueTransformer.m */,
				2C16E53613A7573A002F1F58 /* GTMCarbonEvent.m */,
				2C16E42C13A7443D002F1F58 /* ProfileManager.m */,
				2C16E42D13A7443D002F1F58 /* ProfileModel.m */,
				2CE2762D139B2A87005797CA /* PreferencePanelController.m */,
				2C1C0F17139FD32500E1DA75 /* iTermSearchField.m */,
				2C93EF6B13A09861004D78DD /* PreferencesAppearanceHelper.m */,
				2CAED78913AF2DD800D06287 /* RemoteProfileDiscovery.m */,
				2C93EF6C13A09861004D78DD /* PreferencesGeneralHelper.m */,
				2C93EF6D13A09861004D78DD /* PreferencesGlobalKeybindingsHelper.m */,
				2CE2761D139B2977005797CA /* PreferencesModel.m */,
				2C1C082A139DB35700E1DA75 /* PreferencesProfilesHelper.m */,
				2C7EE32913960BFA000305E6 /* main.m */,
				2C2761841395D57A00D340AA /* ProfilesListView.m */,
				2C2761871395D57A00D340AA /* ProfilesWindow.m */,
				2C2761881395D57A00D340AA /* ProfileManager.m */,
				2C2761581395D3ED00D340AA /* iTermApplication.m */,
				2C2761591395D3ED00D340AA /* iTermApplicationDelegate.m */,
				2C27615A1395D3ED00D340AA /* iTermController.m */,
				2C27615C1395D3ED00D340AA /* KeyBindingManager.m */,
			);
			name = Source;
			sourceTree = "<group>";
		};
		2CE2723B13965953005797CA /* XIB Files */ = {
			isa = PBXGroup;
			children = (
				2CAED87E13AF491C00D06287 /* PrefsAppearanceView.xib */,
				2CAED88013AF491C00D06287 /* PrefsGeneralView.xib */,
				2CAED88213AF491C00D06287 /* PrefsKeybindsView.xib */,
				2CAED88413AF491C00D06287 /* PrefsProfilesView.xib */,
				9325FF4E0FB54E00004EC67C /* MainMenu.xib */,
				9325FF400FB54DF1004EC67C /* PreferencePanel.xib */,
			);
			name = "XIB Files";
			sourceTree = "<group>";
		};
		2CE27487139B0655005797CA /* Resources_xx */ = {
			isa = PBXGroup;
			children = (
				2CE274E8139B06F0005797CA /* images */,
				2CE2750A139B06F0005797CA /* properties */,
			);
			name = Resources_xx;
			path = Resources;
			sourceTree = "<group>";
		};
		2CE27524139B08D1005797CA /* Resources */ = {
			isa = PBXGroup;
			children = (
				2CE2757A139B0923005797CA /* ColorPresets.plist */,
				2CE2757B139B0923005797CA /* DefaultBookmark.plist */,
				2CE2757C139B0923005797CA /* DefaultGlobalKeyMap.plist */,
				2CE2757D139B0923005797CA /* EncodingsWithLowerCase.plist */,
				2CE2757E139B0923005797CA /* Growl-Info.plist */,
				2CE2757F139B0923005797CA /* MigrationMap.plist */,
				2CE27580139B0923005797CA /* PresetKeyMappings.plist */,
				2CE27581139B0923005797CA /* SmartSelectionRules.plist */,
				2CE27583139B0923005797CA /* iTerm_Framework.plist */,
				2CE27509139B06F0005797CA /* iTerm.icns */,
				2CE27527139B08F0005797CA /* Copy-icon.png */,
				2CE27528139B08F0005797CA /* IBarCursor.png */,
				2CE27529139B08F0005797CA /* PrefsAdvanced.tiff */,
				2CE2752A139B08F0005797CA /* PrefsBookmarks.tiff */,
				2CE2752B139B08F0005797CA /* PrefsDisplay.tiff */,
				2CE2752C139B08F0005797CA /* PrefsGeneral.tiff */,
				2CE2752D139B08F0005797CA /* PrefsKeyboard.tiff */,
				2CE2752E139B08F0005797CA /* PrefsTerminal.tiff */,
				2CE2752F139B08F0005797CA /* addressbook.png */,
				2CE27530139B08F0005797CA /* bell.png */,
				2CE27531139B08F0005797CA /* bell.psd */,
				2CE27532139B08F0005797CA /* close.png */,
				2CE27533139B08F0005797CA /* config.png */,
				2CE27534139B08F0005797CA /* edit.png */,
				2CE27535139B08F0005797CA /* exec.png */,
				2CE27536139B08F0005797CA /* folder.png */,
				2CE27537139B08F0005797CA /* iTerm-Aqua.jpg */,
				2CE27538139B08F0005797CA /* iTerm-old.icns */,
				2CE27539139B08F0005797CA /* iTerm-old.png */,
				2CE2753A139B08F0005797CA /* iTerm.png */,
				2CE2753B139B08F0005797CA /* important.png */,
				2CE2753C139B08F0005797CA /* new.png */,
				2CE2753D139B08F0005797CA /* newwin.png */,
				2CE2753E139B08F0005797CA /* screen.png */,
				2CE2753F139B08F0005797CA /* script.png */,
				2CE27540139B08F0005797CA /* sort.png */,
				2CE27541139B08F0005797CA /* star-gold24.png */,
				2CE27542139B08F0005797CA /* waiting.png */,
				1D1158C913444D29009B366F /* iTerm2 Help */,
				2CE27543139B08F0005797CA /* wrap.psd */,
				2CAEDA0413AF930700D06287 /* UserPreferenceSchema.plist */,
				2CE27544139B08F0005797CA /* wrap_to_bottom.png */,
				2CAEDB0513AFA35B00D06287 /* AppDefaults.plist */,
				2CE27545139B08F0005797CA /* wrap_to_top.png */,
			);
			path = Resources;
			sourceTree = "<group>";
		};
/* End PBXGroup section */

/* Begin PBXHeadersBuildPhase section */
		874206480564169600CFC3F1 /* Headers */ = {
			isa = PBXHeadersBuildPhase;
			buildActionMask = 2147483647;
			files = (
				2C7EE22C13960462000305E6 /* iTermApplication.h in Headers */,
				2C7EE22D13960462000305E6 /* iTermApplicationDelegate.h in Headers */,
				2C7EE22E13960462000305E6 /* iTermController.h in Headers */,
				2C7EE23013960462000305E6 /* KeyBindingManager.h in Headers */,
				2C7EE23B13960462000305E6 /* ProfilesListView.h in Headers */,
				2C7EE23D13960462000305E6 /* ProfilesWindow.h in Headers */,
				2C7EE32C13960C0C000305E6 /* iTerm.h in Headers */,
				2CE2761C139B296D005797CA /* PreferencesModel.h in Headers */,
				2CE2762C139B2A82005797CA /* PreferencePanelController.h in Headers */,
				2C1C0829139DB34C00E1DA75 /* PreferencesProfilesHelper.h in Headers */,
				2C1C0F1A139FD32D00E1DA75 /* iTermSearchField.h in Headers */,
				2C93EF7413A0988D004D78DD /* PreferencesAppearanceHelper.h in Headers */,
				2C93EF7513A0988D004D78DD /* PreferencesGeneralHelper.h in Headers */,
				2C93EF7613A0988D004D78DD /* PreferencesGlobalKeybindingsHelper.h in Headers */,
				2C16E34713A72140002F1F58 /* PreferenceKeys.h in Headers */,
				2C16E42913A74430002F1F58 /* ProfileManager.h in Headers */,
				2C16E42B13A74435002F1F58 /* ProfileModel.h in Headers */,
				2C16E53113A75732002F1F58 /* GTMCarbonEvent.h in Headers */,
				2C16E53213A75732002F1F58 /* GTMDebugSelectorValidation.h in Headers */,
				2C16E53313A75732002F1F58 /* GTMDefines.h in Headers */,
				2C16E53413A75732002F1F58 /* GTMObjectSingleton.h in Headers */,
				2C16E53513A75732002F1F58 /* GTMTypeCasting.h in Headers */,
				2CAED78C13AF2DE000D06287 /* RemoteProfileDiscovery.h in Headers */,
				2C29CDB613B42DB30091AC7E /* PreferencesMigrator.h in Headers */,
				2C29CE8E13B48C2D0091AC7E /* StringIntValueTransformer.h in Headers */,
				2C29CF3213B491DA0091AC7E /* PreferencesSchema.h in Headers */,
				2C29D03813B4ED050091AC7E /* RegexKitLite.h in Headers */,
				2C29D1A313B53E1C0091AC7E /* EventTapManager.h in Headers */,
			);
			runOnlyForDeploymentPostprocessing = 0;
		};
/* End PBXHeadersBuildPhase section */

/* Begin PBXNativeTarget section */
		2CAED74513AF29EE00D06287 /* PreferencesTesting */ = {
			isa = PBXNativeTarget;
			buildConfigurationList = 2CAED74B13AF29EF00D06287 /* Build configuration list for PBXNativeTarget "PreferencesTesting" */;
			buildPhases = (
				2CAED74113AF29EE00D06287 /* Resources */,
				2CAED74213AF29EE00D06287 /* Sources */,
				2CAED74313AF29EE00D06287 /* Frameworks */,
				2CAED74413AF29EE00D06287 /* ShellScript */,
			);
			buildRules = (
			);
			dependencies = (
				2CAED75113AF2A4300D06287 /* PBXTargetDependency */,
			);
			name = PreferencesTesting;
			productName = PreferencesTesting;
			productReference = 2CAED74613AF29EE00D06287 /* PreferencesTesting.octest */;
			productType = "com.apple.product-type.bundle";
		};
		874206460564169600CFC3F1 /* iTermprefs */ = {
			isa = PBXNativeTarget;
			buildConfigurationList = BB024D35096EE4080021E793 /* Build configuration list for PBXNativeTarget "iTermprefs" */;
			buildPhases = (
				874206480564169600CFC3F1 /* Headers */,
				8742064A0564169600CFC3F1 /* Resources */,
				8742064E0564169600CFC3F1 /* Sources */,
				874206510564169600CFC3F1 /* Frameworks */,
			);
			buildRules = (
			);
			dependencies = (
			);
			name = iTermprefs;
			productName = "JTerminal (Application)";
			productReference = 2C16E59113A766C0002F1F58 /* iTermPrefs.app */;
			productType = "com.apple.product-type.application";
		};
/* End PBXNativeTarget section */

/* Begin PBXProject section */
		0464AB0C006CD2EC7F000001 /* Project object */ = {
			isa = PBXProject;
			buildConfigurationList = BB024D39096EE4080021E793 /* Build configuration list for PBXProject "iTerm" */;
			compatibilityVersion = "Xcode 3.1";
			hasScannedForEncodings = 1;
			knownRegions = (
				English,
				Japanese,
				French,
				German,
				Chinese,
				zh_CN,
				zh_TW,
				Korean,
			);
			mainGroup = 0464AB0D006CD2EC7F000001 /* JTerminal */;
			productRefGroup = 0464AB32006CD2EC7F000001 /* Products */;
			projectDirPath = "";
			projectRoot = "";
			targets = (
				874206460564169600CFC3F1 /* iTermprefs */,
				2CAED74513AF29EE00D06287 /* PreferencesTesting */,
			);
		};
/* End PBXProject section */

/* Begin PBXResourcesBuildPhase section */
		2CAED74113AF29EE00D06287 /* Resources */ = {
			isa = PBXResourcesBuildPhase;
			buildActionMask = 2147483647;
			files = (
			);
			runOnlyForDeploymentPostprocessing = 0;
		};
		8742064A0564169600CFC3F1 /* Resources */ = {
			isa = PBXResourcesBuildPhase;
			buildActionMask = 2147483647;
			files = (
				1D5FDDA01208E91100C46BA3 /* PreferencePanel.xib in Resources */,
				9325FF500FB54E00004EC67C /* MainMenu.xib in Resources */,
				1DEE9FDD11FCA60F009E18C9 /* credits.rtf in Resources */,
				1D1158CE13444D29009B366F /* iTerm2 Help in Resources */,
				2CE27518139B06F0005797CA /* iTerm.icns in Resources */,
				2CE27546139B08F0005797CA /* Copy-icon.png in Resources */,
				2CE27547139B08F0005797CA /* IBarCursor.png in Resources */,
				2CE27548139B08F0005797CA /* PrefsAdvanced.tiff in Resources */,
				2CE27549139B08F0005797CA /* PrefsBookmarks.tiff in Resources */,
				2CE2754A139B08F0005797CA /* PrefsDisplay.tiff in Resources */,
				2CE2754B139B08F0005797CA /* PrefsGeneral.tiff in Resources */,
				2CE2754C139B08F0005797CA /* PrefsKeyboard.tiff in Resources */,
				2CE2754D139B08F0005797CA /* PrefsTerminal.tiff in Resources */,
				2CE2754E139B08F0005797CA /* addressbook.png in Resources */,
				2CE2754F139B08F0005797CA /* bell.png in Resources */,
				2CE27550139B08F0005797CA /* bell.psd in Resources */,
				2CE27551139B08F0005797CA /* close.png in Resources */,
				2CE27552139B08F0005797CA /* config.png in Resources */,
				2CE27553139B08F0005797CA /* edit.png in Resources */,
				2CE27554139B08F0005797CA /* exec.png in Resources */,
				2CE27555139B08F0005797CA /* folder.png in Resources */,
				2CE27556139B08F0005797CA /* iTerm-Aqua.jpg in Resources */,
				2CE27557139B08F0005797CA /* iTerm-old.icns in Resources */,
				2CE27558139B08F0005797CA /* iTerm-old.png in Resources */,
				2CE27559139B08F0005797CA /* iTerm.png in Resources */,
				2CE2755A139B08F0005797CA /* important.png in Resources */,
				2CE2755B139B08F0005797CA /* new.png in Resources */,
				2CE2755C139B08F0005797CA /* newwin.png in Resources */,
				2CE2755D139B08F0005797CA /* screen.png in Resources */,
				2CE2755E139B08F0005797CA /* script.png in Resources */,
				2CE2755F139B08F0005797CA /* sort.png in Resources */,
				2CE27560139B08F0005797CA /* star-gold24.png in Resources */,
				2CE27561139B08F0005797CA /* waiting.png in Resources */,
				2CE27562139B08F0005797CA /* wrap.psd in Resources */,
				2CE27563139B08F0005797CA /* wrap_to_bottom.png in Resources */,
				2CE27564139B08F0005797CA /* wrap_to_top.png in Resources */,
				2CE27584139B0923005797CA /* ColorPresets.plist in Resources */,
				2CE27585139B0923005797CA /* DefaultBookmark.plist in Resources */,
				2CE27586139B0923005797CA /* DefaultGlobalKeyMap.plist in Resources */,
				2CE27587139B0923005797CA /* EncodingsWithLowerCase.plist in Resources */,
				2CE27589139B0923005797CA /* MigrationMap.plist in Resources */,
				2CE2758A139B0923005797CA /* PresetKeyMappings.plist in Resources */,
				2CE2758B139B0923005797CA /* SmartSelectionRules.plist in Resources */,
				2CE2758D139B0923005797CA /* iTerm_Framework.plist in Resources */,
				2C1C0F01139FD16600E1DA75 /* GTM in Resources */,
				2C1C0F13139FD30000E1DA75 /* Search in Resources */,
				2CAED88613AF491C00D06287 /* PrefsAppearanceView.xib in Resources */,
				2CAED88713AF491C00D06287 /* PrefsGeneralView.xib in Resources */,
				2CAED88813AF491C00D06287 /* PrefsKeybindsView.xib in Resources */,
				2CAED88913AF491C00D06287 /* PrefsProfilesView.xib in Resources */,
				2CAEDA0513AF930700D06287 /* UserPreferenceSchema.plist in Resources */,
				2CAEDB0613AFA35B00D06287 /* AppDefaults.plist in Resources */,
				2C29CE8A13B48BD80091AC7E /* Misc in Resources */,
				2C29D03413B4ECF20091AC7E /* RegexKitLite in Resources */,
			);
			runOnlyForDeploymentPostprocessing = 0;
		};
/* End PBXResourcesBuildPhase section */

/* Begin PBXShellScriptBuildPhase section */
		2CAED74413AF29EE00D06287 /* ShellScript */ = {
			isa = PBXShellScriptBuildPhase;
			buildActionMask = 2147483647;
			files = (
			);
			inputPaths = (
			);
			outputPaths = (
			);
			runOnlyForDeploymentPostprocessing = 0;
			shellPath = /bin/sh;
			shellScript = "# Run the unit tests in this test bundle.\n\"${SYSTEM_DEVELOPER_DIR}/Tools/RunUnitTests\"\n";
		};
/* End PBXShellScriptBuildPhase section */

/* Begin PBXSourcesBuildPhase section */
		2CAED74213AF29EE00D06287 /* Sources */ = {
			isa = PBXSourcesBuildPhase;
			buildActionMask = 2147483647;
			files = (
				2CAED74F13AF2A3400D06287 /* TestTest.m in Sources */,
			);
			runOnlyForDeploymentPostprocessing = 0;
		};
		8742064E0564169600CFC3F1 /* Sources */ = {
			isa = PBXSourcesBuildPhase;
			buildActionMask = 2147483647;
			files = (
				2C27615E1395D3ED00D340AA /* iTermApplication.m in Sources */,
				2C27615F1395D3ED00D340AA /* iTermApplicationDelegate.m in Sources */,
				2C2761601395D3ED00D340AA /* iTermController.m in Sources */,
				2C2761621395D3ED00D340AA /* KeyBindingManager.m in Sources */,
				2C27618A1395D57A00D340AA /* ProfilesListView.m in Sources */,
				2C27618D1395D57A00D340AA /* ProfilesWindow.m in Sources */,
				2C27618E1395D57A00D340AA /* ProfileManager.m in Sources */,
				2C7EE32A13960BFA000305E6 /* main.m in Sources */,
				2CE2761E139B2977005797CA /* PreferencesModel.m in Sources */,
				2CE2762E139B2A87005797CA /* PreferencePanelController.m in Sources */,
				2C1C082B139DB35700E1DA75 /* PreferencesProfilesHelper.m in Sources */,
				2C1C0F18139FD32500E1DA75 /* iTermSearchField.m in Sources */,
				2C93EF6E13A09861004D78DD /* PreferencesAppearanceHelper.m in Sources */,
				2C93EF6F13A09861004D78DD /* PreferencesGeneralHelper.m in Sources */,
				2C93EF7013A09861004D78DD /* PreferencesGlobalKeybindingsHelper.m in Sources */,
				2C16E42F13A7443D002F1F58 /* ProfileModel.m in Sources */,
				2C16E53713A7573A002F1F58 /* GTMCarbonEvent.m in Sources */,
				2CAED78A13AF2DD800D06287 /* RemoteProfileDiscovery.m in Sources */,
				2C29CDB413B42DA90091AC7E /* PreferencesMigrator.m in Sources */,
				2C29CE8C13B48C210091AC7E /* StringIntValueTransformer.m in Sources */,
				2C29CF3013B491D40091AC7E /* PreferencesSchema.m in Sources */,
				2C29D03613B4ECFF0091AC7E /* RegexKitLite.m in Sources */,
				2C29D1A513B53E220091AC7E /* EventTapManager.m in Sources */,
			);
			runOnlyForDeploymentPostprocessing = 0;
		};
/* End PBXSourcesBuildPhase section */

/* Begin PBXTargetDependency section */
		2CAED75113AF2A4300D06287 /* PBXTargetDependency */ = {
			isa = PBXTargetDependency;
			target = 874206460564169600CFC3F1 /* iTermprefs */;
			targetProxy = 2CAED75013AF2A4300D06287 /* PBXContainerItemProxy */;
		};
/* End PBXTargetDependency section */

/* Begin PBXVariantGroup section */
		1D1158C913444D29009B366F /* iTerm2 Help */ = {
			isa = PBXVariantGroup;
			children = (
				1D1158CA13444D29009B366F /* English */,
			);
			name = "iTerm2 Help";
			path = ..;
			sourceTree = "<group>";
		};
		1DEE9FDB11FCA60F009E18C9 /* credits.rtf */ = {
			isa = PBXVariantGroup;
			children = (
				1DEE9FDC11FCA60F009E18C9 /* English */,
			);
			name = credits.rtf;
			sourceTree = "<group>";
		};
		2CAED87E13AF491C00D06287 /* PrefsAppearanceView.xib */ = {
			isa = PBXVariantGroup;
			children = (
				2CAED87F13AF491C00D06287 /* English */,
			);
			name = PrefsAppearanceView.xib;
			sourceTree = "<group>";
		};
		2CAED88013AF491C00D06287 /* PrefsGeneralView.xib */ = {
			isa = PBXVariantGroup;
			children = (
				2CAED88113AF491C00D06287 /* English */,
			);
			name = PrefsGeneralView.xib;
			sourceTree = "<group>";
		};
		2CAED88213AF491C00D06287 /* PrefsKeybindsView.xib */ = {
			isa = PBXVariantGroup;
			children = (
				2CAED88313AF491C00D06287 /* English */,
			);
			name = PrefsKeybindsView.xib;
			sourceTree = "<group>";
		};
		2CAED88413AF491C00D06287 /* PrefsProfilesView.xib */ = {
			isa = PBXVariantGroup;
			children = (
				2CAED88513AF491C00D06287 /* English */,
			);
			name = PrefsProfilesView.xib;
			sourceTree = "<group>";
		};
		9325FF400FB54DF1004EC67C /* PreferencePanel.xib */ = {
			isa = PBXVariantGroup;
			children = (
				9325FF410FB54DF1004EC67C /* English */,
			);
			name = PreferencePanel.xib;
			sourceTree = "<group>";
		};
		9325FF4E0FB54E00004EC67C /* MainMenu.xib */ = {
			isa = PBXVariantGroup;
			children = (
				9325FF4F0FB54E00004EC67C /* English */,
			);
			name = MainMenu.xib;
			sourceTree = "<group>";
		};
/* End PBXVariantGroup section */

/* Begin XCBuildConfiguration section */
		2CAED74813AF29EF00D06287 /* Development */ = {
			isa = XCBuildConfiguration;
			buildSettings = {
				ALWAYS_SEARCH_USER_PATHS = NO;
				COPY_PHASE_STRIP = NO;
				FRAMEWORK_SEARCH_PATHS = "$(DEVELOPER_LIBRARY_DIR)/Frameworks";
				GCC_DYNAMIC_NO_PIC = NO;
				GCC_ENABLE_FIX_AND_CONTINUE = NO;
				GCC_ENABLE_OBJC_EXCEPTIONS = YES;
				GCC_MODEL_TUNING = G5;
				GCC_OPTIMIZATION_LEVEL = 0;
				GCC_PRECOMPILE_PREFIX_HEADER = YES;
				GCC_PREFIX_HEADER = "$(SYSTEM_LIBRARY_DIR)/Frameworks/Cocoa.framework/Headers/Cocoa.h";
				INFOPLIST_FILE = "PreferencesTesting-Info.plist";
				INSTALL_PATH = "$(USER_LIBRARY_DIR)/Bundles";
				OTHER_LDFLAGS = (
					"-framework",
					Cocoa,
					"-framework",
					SenTestingKit,
				);
				PREBINDING = NO;
				PRODUCT_NAME = PreferencesTesting;
				WRAPPER_EXTENSION = octest;
			};
			name = Development;
		};
		2CAED74913AF29EF00D06287 /* Deployment */ = {
			isa = XCBuildConfiguration;
			buildSettings = {
				ALWAYS_SEARCH_USER_PATHS = NO;
				COPY_PHASE_STRIP = YES;
				DEBUG_INFORMATION_FORMAT = "dwarf-with-dsym";
				FRAMEWORK_SEARCH_PATHS = "$(DEVELOPER_LIBRARY_DIR)/Frameworks";
				GCC_ENABLE_FIX_AND_CONTINUE = NO;
				GCC_ENABLE_OBJC_EXCEPTIONS = YES;
				GCC_MODEL_TUNING = G5;
				GCC_PRECOMPILE_PREFIX_HEADER = YES;
				GCC_PREFIX_HEADER = "$(SYSTEM_LIBRARY_DIR)/Frameworks/Cocoa.framework/Headers/Cocoa.h";
				INFOPLIST_FILE = "PreferencesTesting-Info.plist";
				INSTALL_PATH = "$(USER_LIBRARY_DIR)/Bundles";
				OTHER_LDFLAGS = (
					"-framework",
					Cocoa,
					"-framework",
					SenTestingKit,
				);
				PREBINDING = NO;
				PRODUCT_NAME = PreferencesTesting;
				WRAPPER_EXTENSION = octest;
				ZERO_LINK = NO;
			};
			name = Deployment;
		};
		2CAED74A13AF29EF00D06287 /* Default */ = {
			isa = XCBuildConfiguration;
			buildSettings = {
				ALWAYS_SEARCH_USER_PATHS = NO;
				FRAMEWORK_SEARCH_PATHS = "$(DEVELOPER_LIBRARY_DIR)/Frameworks";
				GCC_ENABLE_FIX_AND_CONTINUE = NO;
				GCC_ENABLE_OBJC_EXCEPTIONS = YES;
				GCC_MODEL_TUNING = G5;
				GCC_PRECOMPILE_PREFIX_HEADER = YES;
				GCC_PREFIX_HEADER = "$(SYSTEM_LIBRARY_DIR)/Frameworks/Cocoa.framework/Headers/Cocoa.h";
				INFOPLIST_FILE = "PreferencesTesting-Info.plist";
				INSTALL_PATH = "$(USER_LIBRARY_DIR)/Bundles";
				OTHER_LDFLAGS = (
					"-framework",
					Cocoa,
					"-framework",
					SenTestingKit,
				);
				PREBINDING = NO;
				PRODUCT_NAME = PreferencesTesting;
				WRAPPER_EXTENSION = octest;
			};
			name = Default;
		};
		BB024D36096EE4080021E793 /* Development */ = {
			isa = XCBuildConfiguration;
			buildSettings = {
				COPY_PHASE_STRIP = NO;
				DEBUG_INFORMATION_FORMAT = dwarf;
				FRAMEWORK_SEARCH_PATHS = (
					"$(inherited)",
					"\"$(SRCROOT)/Vendor\"",
				);
				GCC_DYNAMIC_NO_PIC = NO;
				GCC_ENABLE_FIX_AND_CONTINUE = YES;
				GCC_GENERATE_DEBUGGING_SYMBOLS = YES;
				GCC_OPTIMIZATION_LEVEL = 0;
				GCC_WARN_ABOUT_MISSING_PROTOTYPES = YES;
				GCC_WARN_FOUR_CHARACTER_CONSTANTS = NO;
				GCC_WARN_MISSING_PARENTHESES = YES;
				GCC_WARN_SHADOW = YES;
				GCC_WARN_TYPECHECK_CALLS_TO_PRINTF = YES;
				GCC_WARN_UNINITIALIZED_AUTOS = NO;
				GCC_WARN_UNKNOWN_PRAGMAS = NO;
				GCC_WARN_UNUSED_FUNCTION = YES;
				GCC_WARN_UNUSED_LABEL = YES;
				GCC_WARN_UNUSED_PARAMETER = NO;
				GCC_WARN_UNUSED_VALUE = YES;
				GCC_WARN_UNUSED_VARIABLE = YES;
				HEADER_SEARCH_PATHS = Headers/iTerm/;
				INFOPLIST_FILE = Resources/properties/iTerm.plist;
				LIBRARY_SEARCH_PATHS = (
					"$(inherited)",
					"\"$(SRCROOT)/build/Deployment\"",
				);
				LINK_WITH_STANDARD_LIBRARIES = YES;
				MACOSX_DEPLOYMENT_TARGET = 10.5;
				OTHER_LDFLAGS = "-licucore";
				PRODUCT_NAME = iTermPrefs;
				SDKROOT = macosx10.5;
				SECTORDER_FLAGS = "";
				VALID_ARCHS = "i386 x86_64 ppc";
				WARNING_CFLAGS = "-Wall";
				WRAPPER_EXTENSION = app;
				ZERO_LINK = YES;
			};
			name = Development;
		};
		BB024D37096EE4080021E793 /* Deployment */ = {
			isa = XCBuildConfiguration;
			buildSettings = {
				COPY_PHASE_STRIP = YES;
				FRAMEWORK_SEARCH_PATHS = (
					"$(inherited)",
					"\"$(SRCROOT)/Vendor\"",
				);
				GCC_ENABLE_FIX_AND_CONTINUE = NO;
				GCC_GENERATE_DEBUGGING_SYMBOLS = YES;
				GCC_OPTIMIZATION_LEVEL = 3;
				GCC_WARN_ABOUT_MISSING_PROTOTYPES = YES;
				GCC_WARN_FOUR_CHARACTER_CONSTANTS = NO;
				GCC_WARN_MISSING_PARENTHESES = YES;
				GCC_WARN_SHADOW = YES;
				GCC_WARN_TYPECHECK_CALLS_TO_PRINTF = YES;
				GCC_WARN_UNINITIALIZED_AUTOS = NO;
				GCC_WARN_UNKNOWN_PRAGMAS = NO;
				GCC_WARN_UNUSED_FUNCTION = YES;
				GCC_WARN_UNUSED_LABEL = YES;
				GCC_WARN_UNUSED_PARAMETER = NO;
				GCC_WARN_UNUSED_VALUE = YES;
				GCC_WARN_UNUSED_VARIABLE = YES;
				INFOPLIST_FILE = Resources/properties/iTerm.plist;
				LIBRARY_SEARCH_PATHS = (
					"$(inherited)",
					"\"$(SRCROOT)/build/Deployment\"",
				);
				MACOSX_DEPLOYMENT_TARGET = 10.5;
				OTHER_LDFLAGS = "-licucore";
				PRODUCT_NAME = iTermPrefs;
				SDKROOT = macosx10.5;
				VALID_ARCHS = "i386 x86_64 ppc";
				WARNING_CFLAGS = "-Wall";
				WRAPPER_EXTENSION = app;
				ZERO_LINK = NO;
			};
			name = Deployment;
		};
		BB024D38096EE4080021E793 /* Default */ = {
			isa = XCBuildConfiguration;
			buildSettings = {
				FRAMEWORK_SEARCH_PATHS = (
					"$(inherited)",
					"\"$(SRCROOT)/Vendor\"",
				);
				GCC_GENERATE_DEBUGGING_SYMBOLS = YES;
				GCC_MODEL_TUNING = G4;
				GCC_OPTIMIZATION_LEVEL = 3;
				GCC_WARN_ABOUT_MISSING_PROTOTYPES = YES;
				GCC_WARN_FOUR_CHARACTER_CONSTANTS = NO;
				GCC_WARN_MISSING_PARENTHESES = YES;
				GCC_WARN_SHADOW = YES;
				GCC_WARN_TYPECHECK_CALLS_TO_PRINTF = YES;
				GCC_WARN_UNINITIALIZED_AUTOS = NO;
				GCC_WARN_UNKNOWN_PRAGMAS = NO;
				GCC_WARN_UNUSED_FUNCTION = YES;
				GCC_WARN_UNUSED_LABEL = YES;
				GCC_WARN_UNUSED_PARAMETER = NO;
				GCC_WARN_UNUSED_VALUE = YES;
				GCC_WARN_UNUSED_VARIABLE = YES;
				INFOPLIST_FILE = Resources/properties/iTerm.plist;
				LIBRARY_SEARCH_PATHS = (
					"$(inherited)",
					"\"$(SRCROOT)/build/Deployment\"",
				);
				MACOSX_DEPLOYMENT_TARGET = 10.5;
				OTHER_LDFLAGS = "-licucore";
				OTHER_REZFLAGS = "";
				PRODUCT_NAME = iTermPrefs;
				REZ_EXECUTABLE = YES;
				SDKROOT = macosx10.5;
				SECTORDER_FLAGS = "";
				VALID_ARCHS = "i386 x86_64 ppc";
				WARNING_CFLAGS = "-Wall";
				WRAPPER_EXTENSION = app;
			};
			name = Default;
		};
		BB024D3A096EE4080021E793 /* Development */ = {
			isa = XCBuildConfiguration;
			buildSettings = {
				ARCHS = "$(ARCHS_STANDARD_32_BIT)";
				DEBUG_INFORMATION_FORMAT = "dwarf-with-dsym";
				EXCLUDED_RECURSIVE_SEARCH_PATH_SUBDIRECTORIES = ".git *.nib *.lproj *.framework *.gch *.xcode* (*) CVS .svn";
				FRAMEWORK_SEARCH_PATHS = "$(SRCROOT)/Vendor";
				GCC_C_LANGUAGE_STANDARD = c99;
				GCC_VERSION = 4.0;
				GCC_WARN_CHECK_SWITCH_STATEMENTS = YES;
				GCC_WARN_MISSING_PARENTHESES = YES;
				GCC_WARN_PROTOTYPE_CONVERSION = NO;
				GCC_WARN_SIGN_COMPARE = NO;
				GCC_WARN_TYPECHECK_CALLS_TO_PRINTF = YES;
				GCC_WARN_UNUSED_VALUE = YES;
				GCC_WARN_UNUSED_VARIABLE = YES;
				GENERATE_MASTER_OBJECT_FILE = NO;
				GENERATE_PROFILING_CODE = NO;
				HEADER_SEARCH_PATHS = (
					"$(SRCROOT)/Vendor",
					"$(SRCROOT)",
				);
				INCLUDED_RECURSIVE_SEARCH_PATH_SUBDIRECTORIES = "$(SRCROOT)";
				INFOPLIST_FILE = "$(SRCROOT)/Resources/properties/iTerm.plist";
				MACOSX_DEPLOYMENT_TARGET = 10.5;
				ONLY_ACTIVE_ARCH = YES;
				PREBINDING = NO;
				PRELINK_LIBS = "";
				PRODUCT_NAME = ItermPrefs;
				SCAN_ALL_SOURCE_FILES_FOR_INCLUDES = YES;
				SDKROOT = macosx10.5;
				VALID_ARCHS = i386;
				WARNING_CFLAGS = "-Wall";
			};
			name = Development;
		};
		BB024D3B096EE4080021E793 /* Deployment */ = {
			isa = XCBuildConfiguration;
			buildSettings = {
				ARCHS = (
					i386,
					x86_64,
				);
				EXCLUDED_RECURSIVE_SEARCH_PATH_SUBDIRECTORIES = ".git *.nib *.lproj *.framework *.gch *.xcode* (*) CVS .svn";
				FRAMEWORK_SEARCH_PATHS = "$(SRCROOT)/Vendor";
				GCC_C_LANGUAGE_STANDARD = c99;
				GCC_VERSION = 4.0;
				GCC_WARN_PROTOTYPE_CONVERSION = NO;
				GCC_WARN_SIGN_COMPARE = NO;
				GENERATE_MASTER_OBJECT_FILE = NO;
				GENERATE_PROFILING_CODE = NO;
				HEADER_SEARCH_PATHS = (
					"$(SRCROOT)/Vendor",
					"$(SRCROOT)",
				);
				INFOPLIST_FILE = "$(SRCROOT)/Resources/properties/iTerm.plist";
				MACOSX_DEPLOYMENT_TARGET = 10.5;
				ONLY_ACTIVE_ARCH = YES;
				PREBINDING = NO;
				PRELINK_LIBS = "";
				PRODUCT_NAME = ItermPrefs;
				SDKROOT = macosx10.5;
				VALID_ARCHS = i386;
				WARNING_CFLAGS = "-Wall";
			};
			name = Deployment;
		};
		BB024D3C096EE4080021E793 /* Default */ = {
			isa = XCBuildConfiguration;
			buildSettings = {
				ARCHS = (
					i386,
					x86_64,
					ppc,
				);
				EXCLUDED_RECURSIVE_SEARCH_PATH_SUBDIRECTORIES = ".git *.nib *.lproj *.framework *.gch *.xcode* (*) CVS .svn";
				FRAMEWORK_SEARCH_PATHS = "$(SRCROOT)/Vendor";
				GCC_C_LANGUAGE_STANDARD = c99;
				GCC_VERSION = 4.0;
				GCC_WARN_PROTOTYPE_CONVERSION = NO;
				GCC_WARN_SIGN_COMPARE = NO;
				GENERATE_MASTER_OBJECT_FILE = NO;
				GENERATE_PROFILING_CODE = NO;
				HEADER_SEARCH_PATHS = (
					"$(SRCROOT)/Vendor",
					"$(SRCROOT)",
				);
				INFOPLIST_FILE = "$(SRCROOT)/Resources/properties/iTerm.plist";
				MACOSX_DEPLOYMENT_TARGET = 10.5;
				ONLY_ACTIVE_ARCH = YES;
				PREBINDING = NO;
				PRELINK_LIBS = "";
				PRODUCT_NAME = ItermPrefs;
				SDKROOT = macosx10.5;
				VALID_ARCHS = i386;
				WARNING_CFLAGS = "-Wall";
			};
			name = Default;
		};
/* End XCBuildConfiguration section */

/* Begin XCConfigurationList section */
		2CAED74B13AF29EF00D06287 /* Build configuration list for PBXNativeTarget "PreferencesTesting" */ = {
			isa = XCConfigurationList;
			buildConfigurations = (
				2CAED74813AF29EF00D06287 /* Development */,
				2CAED74913AF29EF00D06287 /* Deployment */,
				2CAED74A13AF29EF00D06287 /* Default */,
			);
			defaultConfigurationIsVisible = 0;
			defaultConfigurationName = Default;
		};
		BB024D35096EE4080021E793 /* Build configuration list for PBXNativeTarget "iTermprefs" */ = {
			isa = XCConfigurationList;
			buildConfigurations = (
				BB024D36096EE4080021E793 /* Development */,
				BB024D37096EE4080021E793 /* Deployment */,
				BB024D38096EE4080021E793 /* Default */,
			);
			defaultConfigurationIsVisible = 0;
			defaultConfigurationName = Default;
		};
		BB024D39096EE4080021E793 /* Build configuration list for PBXProject "iTerm" */ = {
			isa = XCConfigurationList;
			buildConfigurations = (
				BB024D3A096EE4080021E793 /* Development */,
				BB024D3B096EE4080021E793 /* Deployment */,
				BB024D3C096EE4080021E793 /* Default */,
			);
			defaultConfigurationIsVisible = 0;
			defaultConfigurationName = Default;
		};
/* End XCConfigurationList section */
	};
	rootObject = 0464AB0C006CD2EC7F000001 /* Project object */;
}
